// !$*UTF8*$!
{
	archiveVersion = 1;
	classes = {
	};
	objectVersion = 42;
	objects = {

/* Begin PBXBuildFile section */
		1863ABDE19F6F72A00715E48 /* CompositionToDecodeAtom.c in Sources */ = {isa = PBXBuildFile; fileRef = 1863ABDD19F6F72A00715E48 /* CompositionToDecodeAtom.c */; };
		188041D919CB724F00FAABCE /* ExtendedLanguageTag.c in Sources */ = {isa = PBXBuildFile; fileRef = 188041D819CB724F00FAABCE /* ExtendedLanguageTag.c */; };
		188041DB19CB90A800FAABCE /* ChannelLayoutAtom.c in Sources */ = {isa = PBXBuildFile; fileRef = 188041DA19CB90A800FAABCE /* ChannelLayoutAtom.c */; };
		188041DD19CBA54300FAABCE /* DownMixInstructionsAtom.c in Sources */ = {isa = PBXBuildFile; fileRef = 188041DC19CBA54300FAABCE /* DownMixInstructionsAtom.c */; };
		188041DF19CC937200FAABCE /* LoudnessBaseAtom.c in Sources */ = {isa = PBXBuildFile; fileRef = 188041DE19CC937200FAABCE /* LoudnessBaseAtom.c */; };
		188041E119CCA28A00FAABCE /* LoudnessAtom.c in Sources */ = {isa = PBXBuildFile; fileRef = 188041E019CCA28A00FAABCE /* LoudnessAtom.c */; };
		189725AA19F82063001D1219 /* TrackExtensionPropertiesAtom.c in Sources */ = {isa = PBXBuildFile; fileRef = 189725A919F82063001D1219 /* TrackExtensionPropertiesAtom.c */; };
		189725AC19F966C6001D1219 /* SampleAuxiliaryInformationSizesAtom.c in Sources */ = {isa = PBXBuildFile; fileRef = 189725AB19F966C6001D1219 /* SampleAuxiliaryInformationSizesAtom.c */; };
		189725AE19F96A76001D1219 /* SampleAuxiliaryInformationOffsetsAtom.c in Sources */ = {isa = PBXBuildFile; fileRef = 189725AD19F96A76001D1219 /* SampleAuxiliaryInformationOffsetsAtom.c */; };
		18CF72031A0D8D9F006648A8 /* AdditionalMetaDataContainerAtom.c in Sources */ = {isa = PBXBuildFile; fileRef = 18CF72021A0D8D9F006648A8 /* AdditionalMetaDataContainerAtom.c */; };
		18CF72051A0D911B006648A8 /* MetaboxRelationAtom.c in Sources */ = {isa = PBXBuildFile; fileRef = 18CF72041A0D911B006648A8 /* MetaboxRelationAtom.c */; };
		18CF72071A0D9419006648A8 /* ItemReferenceAtom.c in Sources */ = {isa = PBXBuildFile; fileRef = 18CF72061A0D9419006648A8 /* ItemReferenceAtom.c */; };
		18CF72091A0D966E006648A8 /* SingleItemTypeReferenceAtom.c in Sources */ = {isa = PBXBuildFile; fileRef = 18CF72081A0D966E006648A8 /* SingleItemTypeReferenceAtom.c */; };
		18CF720B1A12C7E2006648A8 /* ItemDataAtom.c in Sources */ = {isa = PBXBuildFile; fileRef = 18CF720A1A12C7E2006648A8 /* ItemDataAtom.c */; };
		3A25425820317010001A7B60 /* CompatibleSchemeTypeAtom.c in Sources */ = {isa = PBXBuildFile; fileRef = 3A25425220317010001A7B60 /* CompatibleSchemeTypeAtom.c */; };
		3A25425920317010001A7B60 /* RestrictedSchemeInfoAtom.c in Sources */ = {isa = PBXBuildFile; fileRef = 3A25425320317010001A7B60 /* RestrictedSchemeInfoAtom.c */; };
		3A25425A20317010001A7B60 /* RestrictedVideoSampleEntry.c in Sources */ = {isa = PBXBuildFile; fileRef = 3A25425420317010001A7B60 /* RestrictedVideoSampleEntry.c */; };
		3A25425B20317010001A7B60 /* SchemeTypeAtom.c in Sources */ = {isa = PBXBuildFile; fileRef = 3A25425520317010001A7B60 /* SchemeTypeAtom.c */; };
		3A25425C20317010001A7B60 /* StereoVideoAtom.c in Sources */ = {isa = PBXBuildFile; fileRef = 3A25425620317010001A7B60 /* StereoVideoAtom.c */; };
		3A25425D20317010001A7B60 /* TrackTypeAtom.c in Sources */ = {isa = PBXBuildFile; fileRef = 3A25425720317010001A7B60 /* TrackTypeAtom.c */; };
		3AE6A1A420522FA300032735 /* StereoVideoGroupAtom.c in Sources */ = {isa = PBXBuildFile; fileRef = 3AE6A1A320522FA300032735 /* StereoVideoGroupAtom.c */; };
		847E863723C41825005247BD /* SubsegmentIndexAtom.c in Sources */ = {isa = PBXBuildFile; fileRef = 847E863323C41825005247BD /* SubsegmentIndexAtom.c */; };
		847E863823C41825005247BD /* ProducerReferenceTimeAtom.c in Sources */ = {isa = PBXBuildFile; fileRef = 847E863423C41825005247BD /* ProducerReferenceTimeAtom.c */; };
		847E863923C41825005247BD /* SegmentIndexAtom.c in Sources */ = {isa = PBXBuildFile; fileRef = 847E863523C41825005247BD /* SegmentIndexAtom.c */; };
		847E863A23C41825005247BD /* SegmentTypeAtom.c in Sources */ = {isa = PBXBuildFile; fileRef = 847E863623C41825005247BD /* SegmentTypeAtom.c */; };
		84E0E79421C02951004CCF2B /* PCMConfigAtom.c in Sources */ = {isa = PBXBuildFile; fileRef = 84E0E79321C02951004CCF2B /* PCMConfigAtom.c */; };
		B4A11E5C1B1FB11E002C5FD1 /* HEVCConfigAtom.c in Sources */ = {isa = PBXBuildFile; fileRef = B4A11E5B1B1FB11B002C5FD1 /* HEVCConfigAtom.c */; };
		B4A11E5E1B1FB163002C5FD1 /* SubSampleInformationAtom.c in Sources */ = {isa = PBXBuildFile; fileRef = B4A11E5D1B1FB160002C5FD1 /* SubSampleInformationAtom.c */; };
		B4A11E601B1FB19D002C5FD1 /* TrackGroupAtom.c in Sources */ = {isa = PBXBuildFile; fileRef = B4A11E5F1B1FB19A002C5FD1 /* TrackGroupAtom.c */; };
		B4A11E621B1FB1D1002C5FD1 /* TrackGroupTypeAtom.c in Sources */ = {isa = PBXBuildFile; fileRef = B4A11E611B1FB1CE002C5FD1 /* TrackGroupTypeAtom.c */; };
		C6D454A11DB513B3001B936A /* ItemPropertiesAtom.c in Sources */ = {isa = PBXBuildFile; fileRef = C6D4549E1DB513B3001B936A /* ItemPropertiesAtom.c */; };
		C6D454A21DB513B3001B936A /* ItemPropertyAssociationAtom.c in Sources */ = {isa = PBXBuildFile; fileRef = C6D4549F1DB513B3001B936A /* ItemPropertyAssociationAtom.c */; };
		C6D454A31DB513B3001B936A /* ItemPropertyContainerAtom.c in Sources */ = {isa = PBXBuildFile; fileRef = C6D454A01DB513B3001B936A /* ItemPropertyContainerAtom.c */; };
		C6F5636219ABE6BB0010D96F /* TrackFragmentDecodeTimeAtom.c in Sources */ = {isa = PBXBuildFile; fileRef = C6F5636119ABE6BB0010D96F /* TrackFragmentDecodeTimeAtom.c */; };
		CB43BA9A0AFF4AB800B31580 /* BitRateAtom.c in Sources */ = {isa = PBXBuildFile; fileRef = CB43BA960AFF4AB800B31580 /* BitRateAtom.c */; };
		CB43BA9B0AFF4AB800B31580 /* AMRWPSpecificInfoAtom.c in Sources */ = {isa = PBXBuildFile; fileRef = CB43BA970AFF4AB800B31580 /* AMRWPSpecificInfoAtom.c */; };
		CB43BA9C0AFF4AB800B31580 /* AMRSpecificInfoAtom.c in Sources */ = {isa = PBXBuildFile; fileRef = CB43BA980AFF4AB800B31580 /* AMRSpecificInfoAtom.c */; };
		CB43BA9D0AFF4AB800B31580 /* H263SpecificInfoAtom.c in Sources */ = {isa = PBXBuildFile; fileRef = CB43BA990AFF4AB800B31580 /* H263SpecificInfoAtom.c */; };
		CB5F5DD30AB81A910031B0E0 /* ISMASaltAtom.c in Sources */ = {isa = PBXBuildFile; fileRef = CB5F5DD20AB81A910031B0E0 /* ISMASaltAtom.c */; };
		CB6D2FA50A48D0D1005F9118 /* SampleToGroupAtom.c in Sources */ = {isa = PBXBuildFile; fileRef = CB6D2FA30A48D0D1005F9118 /* SampleToGroupAtom.c */; };
		CB6D2FE90A49C6FF005F9118 /* SampleGroupDescriptionAtom.c in Sources */ = {isa = PBXBuildFile; fileRef = CB6D2FE80A49C6FF005F9118 /* SampleGroupDescriptionAtom.c */; };
		CB9506330ACB201200680B9C /* MetaAtom.c in Sources */ = {isa = PBXBuildFile; fileRef = CB9506320ACB201200680B9C /* MetaAtom.c */; };
		CB9506500ACB245000680B9C /* PrimaryItemAtom.c in Sources */ = {isa = PBXBuildFile; fileRef = CB95064F0ACB245000680B9C /* PrimaryItemAtom.c */; };
		CB9506690ACB262E00680B9C /* ItemLocationAtom.c in Sources */ = {isa = PBXBuildFile; fileRef = CB9506680ACB262E00680B9C /* ItemLocationAtom.c */; };
		CB9506A30ACB36F900680B9C /* ItemProtectionAtom.c in Sources */ = {isa = PBXBuildFile; fileRef = CB9506A20ACB36F900680B9C /* ItemProtectionAtom.c */; };
		CB9CF8290AD57A4200F8F722 /* ISOSampleDescriptions.c in Sources */ = {isa = PBXBuildFile; fileRef = CB9CF8280AD57A4200F8F722 /* ISOSampleDescriptions.c */; };
		CB9CF8350AD57AEC00F8F722 /* VCConfigAtom.c in Sources */ = {isa = PBXBuildFile; fileRef = CB9CF8340AD57AEC00F8F722 /* VCConfigAtom.c */; };
		CBAD4E2007B2B3E3005AD21E /* SimpleFileMappingObject.c in Sources */ = {isa = PBXBuildFile; fileRef = CBAD4E1D07B2B3E3005AD21E /* SimpleFileMappingObject.c */; };
		CBAD4E2107B2B3E3005AD21E /* MP4OSMacros.h in Headers */ = {isa = PBXBuildFile; fileRef = CBAD4E1E07B2B3E3005AD21E /* MP4OSMacros.h */; };
		CBAD4E2207B2B3E3005AD21E /* SimpleFileMappingObject.h in Headers */ = {isa = PBXBuildFile; fileRef = CBAD4E1F07B2B3E3005AD21E /* SimpleFileMappingObject.h */; };
		CBAD4EA207B2B3F8005AD21E /* DataReferenceAtom.c in Sources */ = {isa = PBXBuildFile; fileRef = CBAD4E2307B2B3F8005AD21E /* DataReferenceAtom.c */; };
		CBAD4EA307B2B3F8005AD21E /* DataInformationAtom.c in Sources */ = {isa = PBXBuildFile; fileRef = CBAD4E2407B2B3F8005AD21E /* DataInformationAtom.c */; };
		CBAD4EA407B2B3F8005AD21E /* DataEntryURNAtom.c in Sources */ = {isa = PBXBuildFile; fileRef = CBAD4E2507B2B3F8005AD21E /* DataEntryURNAtom.c */; };
		CBAD4EA507B2B3F8005AD21E /* VideoMediaHeaderAtom.c in Sources */ = {isa = PBXBuildFile; fileRef = CBAD4E2607B2B3F8005AD21E /* VideoMediaHeaderAtom.c */; };
		CBAD4EA607B2B3F8005AD21E /* UserDataAtom.c in Sources */ = {isa = PBXBuildFile; fileRef = CBAD4E2707B2B3F8005AD21E /* UserDataAtom.c */; };
		CBAD4EA707B2B3F8005AD21E /* UnknownAtom.c in Sources */ = {isa = PBXBuildFile; fileRef = CBAD4E2807B2B3F8005AD21E /* UnknownAtom.c */; };
		CBAD4EA807B2B3F8005AD21E /* TrackReferenceTypeAtom.c in Sources */ = {isa = PBXBuildFile; fileRef = CBAD4E2907B2B3F8005AD21E /* TrackReferenceTypeAtom.c */; };
		CBAD4EA907B2B3F8005AD21E /* TrackReferenceAtom.c in Sources */ = {isa = PBXBuildFile; fileRef = CBAD4E2A07B2B3F8005AD21E /* TrackReferenceAtom.c */; };
		CBAD4EAA07B2B3F8005AD21E /* TrackHeaderAtom.c in Sources */ = {isa = PBXBuildFile; fileRef = CBAD4E2B07B2B3F8005AD21E /* TrackHeaderAtom.c */; };
		CBAD4EAB07B2B3F8005AD21E /* TrackFragmentRunAtom.c in Sources */ = {isa = PBXBuildFile; fileRef = CBAD4E2C07B2B3F8005AD21E /* TrackFragmentRunAtom.c */; };
		CBAD4EAC07B2B3F8005AD21E /* TrackFragmentHeaderAtom.c in Sources */ = {isa = PBXBuildFile; fileRef = CBAD4E2D07B2B3F8005AD21E /* TrackFragmentHeaderAtom.c */; };
		CBAD4EAD07B2B3F8005AD21E /* DataEntryURLAtom.c in Sources */ = {isa = PBXBuildFile; fileRef = CBAD4E2E07B2B3F8005AD21E /* DataEntryURLAtom.c */; };
		CBAD4EAE07B2B3F8005AD21E /* CopyrightAtom.c in Sources */ = {isa = PBXBuildFile; fileRef = CBAD4E2F07B2B3F8005AD21E /* CopyrightAtom.c */; };
		CBAD4EAF07B2B3F8005AD21E /* ISMASecurity.c in Sources */ = {isa = PBXBuildFile; fileRef = CBAD4E3007B2B3F8005AD21E /* ISMASecurity.c */; };
		CBAD4EB007B2B3F8005AD21E /* ISMASampleFormatAtom.c in Sources */ = {isa = PBXBuildFile; fileRef = CBAD4E3107B2B3F8005AD21E /* ISMASampleFormatAtom.c */; };
		CBAD4EB107B2B3F8005AD21E /* ISMAKMSAtom.c in Sources */ = {isa = PBXBuildFile; fileRef = CBAD4E3207B2B3F8005AD21E /* ISMAKMSAtom.c */; };
		CBAD4EB207B2B3F8005AD21E /* GenericSampleEntryAtom.c in Sources */ = {isa = PBXBuildFile; fileRef = CBAD4E3307B2B3F8005AD21E /* GenericSampleEntryAtom.c */; };
		CBAD4EB307B2B3F8005AD21E /* FreeSpaceAtom.c in Sources */ = {isa = PBXBuildFile; fileRef = CBAD4E3407B2B3F8005AD21E /* FreeSpaceAtom.c */; };
		CBAD4EB407B2B3F8005AD21E /* FileMappingObject.h in Headers */ = {isa = PBXBuildFile; fileRef = CBAD4E3507B2B3F8005AD21E /* FileMappingObject.h */; };
		CBAD4EB507B2B3F8005AD21E /* MP4InitialObjectDescriptor.c in Sources */ = {isa = PBXBuildFile; fileRef = CBAD4E3607B2B3F8005AD21E /* MP4InitialObjectDescriptor.c */; };
		CBAD4EB607B2B3F8005AD21E /* MP4Impl.h in Headers */ = {isa = PBXBuildFile; fileRef = CBAD4E3707B2B3F8005AD21E /* MP4Impl.h */; };
		CBAD4EB707B2B3F8005AD21E /* IPMPToolUpdateCommand.c in Sources */ = {isa = PBXBuildFile; fileRef = CBAD4E3807B2B3F8005AD21E /* IPMPToolUpdateCommand.c */; };
		CBAD4EB807B2B3F8005AD21E /* HintMediaHeaderAtom.c in Sources */ = {isa = PBXBuildFile; fileRef = CBAD4E3907B2B3F8005AD21E /* HintMediaHeaderAtom.c */; };
		CBAD4EB907B2B3F8005AD21E /* HandlerAtom.c in Sources */ = {isa = PBXBuildFile; fileRef = CBAD4E3A07B2B3F8005AD21E /* HandlerAtom.c */; };
		CBAD4EBA07B2B3F8005AD21E /* TimeToSampleAtom.c in Sources */ = {isa = PBXBuildFile; fileRef = CBAD4E3B07B2B3F8005AD21E /* TimeToSampleAtom.c */; };
		CBAD4EBB07B2B3F8005AD21E /* SyncSampleAtom.c in Sources */ = {isa = PBXBuildFile; fileRef = CBAD4E3C07B2B3F8005AD21E /* SyncSampleAtom.c */; };
		CBAD4EBC07B2B3F8005AD21E /* MP4MovieFile.c in Sources */ = {isa = PBXBuildFile; fileRef = CBAD4E3D07B2B3F8005AD21E /* MP4MovieFile.c */; };
		CBAD4EBD07B2B3F8005AD21E /* MP4MemoryInputStream.c in Sources */ = {isa = PBXBuildFile; fileRef = CBAD4E3E07B2B3F8005AD21E /* MP4MemoryInputStream.c */; };
		CBAD4EBE07B2B3F8005AD21E /* MP4Media.c in Sources */ = {isa = PBXBuildFile; fileRef = CBAD4E3F07B2B3F8005AD21E /* MP4Media.c */; };
		CBAD4EBF07B2B3F8005AD21E /* SceneDescriptionMediaHeader.c in Sources */ = {isa = PBXBuildFile; fileRef = CBAD4E4007B2B3F8005AD21E /* SceneDescriptionMediaHeader.c */; };
		CBAD4EC007B2B3F8005AD21E /* SampleToChunkAtom.c in Sources */ = {isa = PBXBuildFile; fileRef = CBAD4E4107B2B3F8005AD21E /* SampleToChunkAtom.c */; };
		CBAD4EC107B2B3F8005AD21E /* SampleTableAtom.c in Sources */ = {isa = PBXBuildFile; fileRef = CBAD4E4207B2B3F8005AD21E /* SampleTableAtom.c */; };
		CBAD4EC207B2B3F8005AD21E /* SampleSizeAtom.c in Sources */ = {isa = PBXBuildFile; fileRef = CBAD4E4307B2B3F8005AD21E /* SampleSizeAtom.c */; };
		CBAD4EC307B2B3F8005AD21E /* SampleDescriptionAtom.c in Sources */ = {isa = PBXBuildFile; fileRef = CBAD4E4407B2B3F8005AD21E /* SampleDescriptionAtom.c */; };
		CBAD4EC407B2B3F8005AD21E /* QTMovies.c in Sources */ = {isa = PBXBuildFile; fileRef = CBAD4E4507B2B3F8005AD21E /* QTMovies.c */; };
		CBAD4EC507B2B3F8005AD21E /* PaddingBitsAtom.c in Sources */ = {isa = PBXBuildFile; fileRef = CBAD4E4607B2B3F8005AD21E /* PaddingBitsAtom.c */; };
		CBAD4EC607B2B3F8005AD21E /* MediaHeaderAtom.c in Sources */ = {isa = PBXBuildFile; fileRef = CBAD4E4707B2B3F8005AD21E /* MediaHeaderAtom.c */; };
		CBAD4EC707B2B3F8005AD21E /* MediaDataAtom.c in Sources */ = {isa = PBXBuildFile; fileRef = CBAD4E4807B2B3F8005AD21E /* MediaDataAtom.c */; };
		CBAD4EC807B2B3F8005AD21E /* MediaAtom.c in Sources */ = {isa = PBXBuildFile; fileRef = CBAD4E4907B2B3F8005AD21E /* MediaAtom.c */; };
		CBAD4EC907B2B3F8005AD21E /* MdatDataHandler.h in Headers */ = {isa = PBXBuildFile; fileRef = CBAD4E4A07B2B3F8005AD21E /* MdatDataHandler.h */; };
		CBAD4ECA07B2B3F8005AD21E /* MP4ES_ID_RefDescriptor.c in Sources */ = {isa = PBXBuildFile; fileRef = CBAD4E4B07B2B3F8005AD21E /* MP4ES_ID_RefDescriptor.c */; };
		CBAD4ECB07B2B3F8005AD21E /* MdatDataHandler.c in Sources */ = {isa = PBXBuildFile; fileRef = CBAD4E4C07B2B3F8005AD21E /* MdatDataHandler.c */; };
		CBAD4ECC07B2B3F8005AD21E /* ISOMovies.h in Headers */ = {isa = PBXBuildFile; fileRef = CBAD4E4D07B2B3F8005AD21E /* ISOMovies.h */; };
		CBAD4ECD07B2B3F8005AD21E /* FileMappingDataHandler.h in Headers */ = {isa = PBXBuildFile; fileRef = CBAD4E4E07B2B3F8005AD21E /* FileMappingDataHandler.h */; };
		CBAD4ECE07B2B3F8005AD21E /* FileMappingDataHandler.c in Sources */ = {isa = PBXBuildFile; fileRef = CBAD4E4F07B2B3F8005AD21E /* FileMappingDataHandler.c */; };
		CBAD4ECF07B2B3F8005AD21E /* ESUpdateCommand.c in Sources */ = {isa = PBXBuildFile; fileRef = CBAD4E5007B2B3F8005AD21E /* ESUpdateCommand.c */; };
		CBAD4ED007B2B3F8005AD21E /* ESDAtom.c in Sources */ = {isa = PBXBuildFile; fileRef = CBAD4E5107B2B3F8005AD21E /* ESDAtom.c */; };
		CBAD4ED107B2B3F8005AD21E /* EncVisualSampleEntryAtom.c in Sources */ = {isa = PBXBuildFile; fileRef = CBAD4E5207B2B3F8005AD21E /* EncVisualSampleEntryAtom.c */; };
		CBAD4ED207B2B3F8005AD21E /* TrackFragmentAtom.c in Sources */ = {isa = PBXBuildFile; fileRef = CBAD4E5307B2B3F8005AD21E /* TrackFragmentAtom.c */; };
		CBAD4ED307B2B3F8005AD21E /* TrackExtendsAtom.c in Sources */ = {isa = PBXBuildFile; fileRef = CBAD4E5407B2B3F8005AD21E /* TrackExtendsAtom.c */; };
		CBAD4ED407B2B3F8005AD21E /* TrackAtom.c in Sources */ = {isa = PBXBuildFile; fileRef = CBAD4E5507B2B3F8005AD21E /* TrackAtom.c */; };
		CBAD4ED507B2B3F8005AD21E /* SecuritySchemeAtom.c in Sources */ = {isa = PBXBuildFile; fileRef = CBAD4E5607B2B3F8005AD21E /* SecuritySchemeAtom.c */; };
		CBAD4ED607B2B3F8005AD21E /* SecurityInfoAtom.c in Sources */ = {isa = PBXBuildFile; fileRef = CBAD4E5707B2B3F8005AD21E /* SecurityInfoAtom.c */; };
		CBAD4ED707B2B3F8005AD21E /* SchemeInfoAtom.c in Sources */ = {isa = PBXBuildFile; fileRef = CBAD4E5807B2B3F8005AD21E /* SchemeInfoAtom.c */; };
		CBAD4ED807B2B3F8005AD21E /* MP4IPMPX.c in Sources */ = {isa = PBXBuildFile; fileRef = CBAD4E5907B2B3F8005AD21E /* MP4IPMPX.c */; };
		CBAD4ED907B2B3F8005AD21E /* MP4IPMPToolList.c in Sources */ = {isa = PBXBuildFile; fileRef = CBAD4E5A07B2B3F8005AD21E /* MP4IPMPToolList.c */; };
		CBAD4EDA07B2B3F8005AD21E /* MP4IPMPToolDescriptor.c in Sources */ = {isa = PBXBuildFile; fileRef = CBAD4E5B07B2B3F8005AD21E /* MP4IPMPToolDescriptor.c */; };
		CBAD4EDB07B2B3F8005AD21E /* MP4IPMPTool.c in Sources */ = {isa = PBXBuildFile; fileRef = CBAD4E5C07B2B3F8005AD21E /* MP4IPMPTool.c */; };
		CBAD4EDC07B2B3F8005AD21E /* MP4IPMPInitialize.c in Sources */ = {isa = PBXBuildFile; fileRef = CBAD4E5D07B2B3F8005AD21E /* MP4IPMPInitialize.c */; };
		CBAD4EDD07B2B3F8005AD21E /* MP4IPMPDescriptorPointer.c in Sources */ = {isa = PBXBuildFile; fileRef = CBAD4E5E07B2B3F8005AD21E /* MP4IPMPDescriptorPointer.c */; };
		CBAD4EDE07B2B3F8005AD21E /* MP4InputStream.h in Headers */ = {isa = PBXBuildFile; fileRef = CBAD4E5F07B2B3F8005AD21E /* MP4InputStream.h */; };
		CBAD4EDF07B2B3F8005AD21E /* MP4InputStream.c in Sources */ = {isa = PBXBuildFile; fileRef = CBAD4E6007B2B3F8005AD21E /* MP4InputStream.c */; };
		CBAD4EE007B2B3F8005AD21E /* MP4LinkedList.h in Headers */ = {isa = PBXBuildFile; fileRef = CBAD4E6107B2B3F8005AD21E /* MP4LinkedList.h */; };
		CBAD4EE107B2B3F8005AD21E /* MP4LinkedList.c in Sources */ = {isa = PBXBuildFile; fileRef = CBAD4E6207B2B3F8005AD21E /* MP4LinkedList.c */; };
		CBAD4EE207B2B3F8005AD21E /* MP4IPMPXDefaultData.c in Sources */ = {isa = PBXBuildFile; fileRef = CBAD4E6307B2B3F8005AD21E /* MP4IPMPXDefaultData.c */; };
		CBAD4EE307B2B3F8005AD21E /* MP4IPMPXData.h in Headers */ = {isa = PBXBuildFile; fileRef = CBAD4E6407B2B3F8005AD21E /* MP4IPMPXData.h */; };
		CBAD4EE407B2B3F8005AD21E /* MP4IPMPXData.c in Sources */ = {isa = PBXBuildFile; fileRef = CBAD4E6507B2B3F8005AD21E /* MP4IPMPXData.c */; };
		CBAD4EE507B2B3F8005AD21E /* SoundMediaHeaderAtom.c in Sources */ = {isa = PBXBuildFile; fileRef = CBAD4E6607B2B3F8005AD21E /* SoundMediaHeaderAtom.c */; };
		CBAD4EE607B2B3F8005AD21E /* SLConfigDescriptor.c in Sources */ = {isa = PBXBuildFile; fileRef = CBAD4E6707B2B3F8005AD21E /* SLConfigDescriptor.c */; };
		CBAD4EE707B2B3F8005AD21E /* ShadowSyncAtom.c in Sources */ = {isa = PBXBuildFile; fileRef = CBAD4E6807B2B3F8005AD21E /* ShadowSyncAtom.c */; };
		CBAD4EE907B2B3F8005AD21E /* BaseDescriptor.c in Sources */ = {isa = PBXBuildFile; fileRef = CBAD4E6A07B2B3F8005AD21E /* BaseDescriptor.c */; };
		CBAD4EEA07B2B3F8005AD21E /* EncAudioSampleEntryAtom.c in Sources */ = {isa = PBXBuildFile; fileRef = CBAD4E6B07B2B3F8005AD21E /* EncAudioSampleEntryAtom.c */; };
		CBAD4EEB07B2B3F8005AD21E /* EditListAtom.c in Sources */ = {isa = PBXBuildFile; fileRef = CBAD4E6C07B2B3F8005AD21E /* EditListAtom.c */; };
		CBAD4EEC07B2B3F8005AD21E /* EditAtom.c in Sources */ = {isa = PBXBuildFile; fileRef = CBAD4E6D07B2B3F8005AD21E /* EditAtom.c */; };
		CBAD4EED07B2B3F8005AD21E /* DegradationPriorityAtom.c in Sources */ = {isa = PBXBuildFile; fileRef = CBAD4E6E07B2B3F8005AD21E /* DegradationPriorityAtom.c */; };
		CBAD4EEE07B2B3F8005AD21E /* DecodingOffsetAtom.c in Sources */ = {isa = PBXBuildFile; fileRef = CBAD4E6F07B2B3F8005AD21E /* DecodingOffsetAtom.c */; };
		CBAD4EEF07B2B3F8005AD21E /* ClockReferenceMediaHeader.c in Sources */ = {isa = PBXBuildFile; fileRef = CBAD4E7007B2B3F8005AD21E /* ClockReferenceMediaHeader.c */; };
		CBAD4EF007B2B3F8005AD21E /* ChunkOffsetAtom.c in Sources */ = {isa = PBXBuildFile; fileRef = CBAD4E7107B2B3F8005AD21E /* ChunkOffsetAtom.c */; };
		CBAD4EF107B2B3F8005AD21E /* OriginalFormatAtom.c in Sources */ = {isa = PBXBuildFile; fileRef = CBAD4E7207B2B3F8005AD21E /* OriginalFormatAtom.c */; };
		CBAD4EF207B2B3F8005AD21E /* ODUpdateCommand.c in Sources */ = {isa = PBXBuildFile; fileRef = CBAD4E7307B2B3F8005AD21E /* ODUpdateCommand.c */; };
		CBAD4EF307B2B3F8005AD21E /* ObjectDescriptorMediaHeader.c in Sources */ = {isa = PBXBuildFile; fileRef = CBAD4E7407B2B3F8005AD21E /* ObjectDescriptorMediaHeader.c */; };
		CBAD4EF407B2B3F8005AD21E /* MP4Handle.c in Sources */ = {isa = PBXBuildFile; fileRef = CBAD4E7507B2B3F8005AD21E /* MP4Handle.c */; };
		CBAD4EF507B2B3F8005AD21E /* MP4FileMappingInputStream.c in Sources */ = {isa = PBXBuildFile; fileRef = CBAD4E7607B2B3F8005AD21E /* MP4FileMappingInputStream.c */; };
		CBAD4EF607B2B3F8005AD21E /* MP4ESDescriptor.c in Sources */ = {isa = PBXBuildFile; fileRef = CBAD4E7707B2B3F8005AD21E /* MP4ESDescriptor.c */; };
		CBAD4EF707B2B3F8005AD21E /* MP4ES_ID_IncDescriptor.c in Sources */ = {isa = PBXBuildFile; fileRef = CBAD4E7807B2B3F8005AD21E /* MP4ES_ID_IncDescriptor.c */; };
		CBAD4EF807B2B3F8005AD21E /* MP4Descriptors.h in Headers */ = {isa = PBXBuildFile; fileRef = CBAD4E7907B2B3F8005AD21E /* MP4Descriptors.h */; };
		CBAD4EF907B2B3F8005AD21E /* MP4Descriptors.c in Sources */ = {isa = PBXBuildFile; fileRef = CBAD4E7A07B2B3F8005AD21E /* MP4Descriptors.c */; };
		CBAD4EFA07B2B3F8005AD21E /* MP4DefaultDescriptor.c in Sources */ = {isa = PBXBuildFile; fileRef = CBAD4E7B07B2B3F8005AD21E /* MP4DefaultDescriptor.c */; };
		CBAD4EFB07B2B3F8005AD21E /* MP4DefaultCommand.c in Sources */ = {isa = PBXBuildFile; fileRef = CBAD4E7C07B2B3F8005AD21E /* MP4DefaultCommand.c */; };
		CBAD4EFC07B2B3F8005AD21E /* MP4DecoderConfigDescriptor.c in Sources */ = {isa = PBXBuildFile; fileRef = CBAD4E7D07B2B3F8005AD21E /* MP4DecoderConfigDescriptor.c */; };
		CBAD4EFD07B2B3F8005AD21E /* MP4DataHandler.h in Headers */ = {isa = PBXBuildFile; fileRef = CBAD4E7E07B2B3F8005AD21E /* MP4DataHandler.h */; };
		CBAD4EFE07B2B3F8005AD21E /* MP4DataHandler.c in Sources */ = {isa = PBXBuildFile; fileRef = CBAD4E7F07B2B3F8005AD21E /* MP4DataHandler.c */; };
		CBAD4EFF07B2B3F8005AD21E /* MP4Commands.c in Sources */ = {isa = PBXBuildFile; fileRef = CBAD4E8007B2B3F8005AD21E /* MP4Commands.c */; };
		CBAD4F0007B2B3F8005AD21E /* MP4Atoms.h in Headers */ = {isa = PBXBuildFile; fileRef = CBAD4E8107B2B3F8005AD21E /* MP4Atoms.h */; };
		CBAD4F0107B2B3F8005AD21E /* MP4Atoms.c in Sources */ = {isa = PBXBuildFile; fileRef = CBAD4E8207B2B3F8005AD21E /* MP4Atoms.c */; };
		CBAD4F0207B2B3F8005AD21E /* MovieTracks.h in Headers */ = {isa = PBXBuildFile; fileRef = CBAD4E8307B2B3F8005AD21E /* MovieTracks.h */; };
		CBAD4F0307B2B3F8005AD21E /* MovieTracks.c in Sources */ = {isa = PBXBuildFile; fileRef = CBAD4E8407B2B3F8005AD21E /* MovieTracks.c */; };
		CBAD4F0407B2B3F8005AD21E /* MovieHeaderAtom.c in Sources */ = {isa = PBXBuildFile; fileRef = CBAD4E8507B2B3F8005AD21E /* MovieHeaderAtom.c */; };
		CBAD4F0507B2B3F8005AD21E /* MovieFragmentHeaderAtom.c in Sources */ = {isa = PBXBuildFile; fileRef = CBAD4E8607B2B3F8005AD21E /* MovieFragmentHeaderAtom.c */; };
		CBAD4F0607B2B3F8005AD21E /* MovieFragmentAtom.c in Sources */ = {isa = PBXBuildFile; fileRef = CBAD4E8707B2B3F8005AD21E /* MovieFragmentAtom.c */; };
		CBAD4F0707B2B3F8005AD21E /* MovieExtendsAtom.c in Sources */ = {isa = PBXBuildFile; fileRef = CBAD4E8807B2B3F8005AD21E /* MovieExtendsAtom.c */; };
		CBAD4F0807B2B3F8005AD21E /* MovieAtom.c in Sources */ = {isa = PBXBuildFile; fileRef = CBAD4E8907B2B3F8005AD21E /* MovieAtom.c */; };
		CBAD4F0907B2B3F8005AD21E /* MJ2SignatureAtom.c in Sources */ = {isa = PBXBuildFile; fileRef = CBAD4E8A07B2B3F8005AD21E /* MJ2SignatureAtom.c */; };
		CBAD4F0A07B2B3F8005AD21E /* MJ2Movies.c in Sources */ = {isa = PBXBuildFile; fileRef = CBAD4E8B07B2B3F8005AD21E /* MJ2Movies.c */; };
		CBAD4F0B07B2B3F8005AD21E /* MJ2ImageHeaderAtom.c in Sources */ = {isa = PBXBuildFile; fileRef = CBAD4E8C07B2B3F8005AD21E /* MJ2ImageHeaderAtom.c */; };
		CBAD4F0C07B2B3F8005AD21E /* MJ2HeaderAtom.c in Sources */ = {isa = PBXBuildFile; fileRef = CBAD4E8D07B2B3F8005AD21E /* MJ2HeaderAtom.c */; };
		CBAD4F0D07B2B3F8005AD21E /* MJ2FileTypeAtom.c in Sources */ = {isa = PBXBuildFile; fileRef = CBAD4E8E07B2B3F8005AD21E /* MJ2FileTypeAtom.c */; };
		CBAD4F0E07B2B3F8005AD21E /* MJ2ColorSpecificationAtom.c in Sources */ = {isa = PBXBuildFile; fileRef = CBAD4E8F07B2B3F8005AD21E /* MJ2ColorSpecificationAtom.c */; };
		CBAD4F0F07B2B3F8005AD21E /* MJ2BitsPerComponentAtom.c in Sources */ = {isa = PBXBuildFile; fileRef = CBAD4E9007B2B3F8005AD21E /* MJ2BitsPerComponentAtom.c */; };
		CBAD4F1007B2B3F8005AD21E /* MJ2Atoms.h in Headers */ = {isa = PBXBuildFile; fileRef = CBAD4E9107B2B3F8005AD21E /* MJ2Atoms.h */; };
		CBAD4F1107B2B3F8005AD21E /* MemoryFileMappingObject.c in Sources */ = {isa = PBXBuildFile; fileRef = CBAD4E9207B2B3F8005AD21E /* MemoryFileMappingObject.c */; };
		CBAD4F1207B2B3F8005AD21E /* MediaInformationAtom.c in Sources */ = {isa = PBXBuildFile; fileRef = CBAD4E9307B2B3F8005AD21E /* MediaInformationAtom.c */; };
		CBAD4F1307B2B3F8005AD21E /* VisualSampleEntryAtom.c in Sources */ = {isa = PBXBuildFile; fileRef = CBAD4E9407B2B3F8005AD21E /* VisualSampleEntryAtom.c */; };
		CBAD4F1407B2B3F8005AD21E /* ObjectDescriptorAtom.c in Sources */ = {isa = PBXBuildFile; fileRef = CBAD4E9507B2B3F8005AD21E /* ObjectDescriptorAtom.c */; };
		CBAD4F1507B2B3F8005AD21E /* MPEGSampleEntryAtom.c in Sources */ = {isa = PBXBuildFile; fileRef = CBAD4E9607B2B3F8005AD21E /* MPEGSampleEntryAtom.c */; };
		CBAD4F1607B2B3F8005AD21E /* MPEGMediaHeaderAtom.c in Sources */ = {isa = PBXBuildFile; fileRef = CBAD4E9707B2B3F8005AD21E /* MPEGMediaHeaderAtom.c */; };
		CBAD4F1707B2B3F8005AD21E /* MP4UserData.c in Sources */ = {isa = PBXBuildFile; fileRef = CBAD4E9807B2B3F8005AD21E /* MP4UserData.c */; };
		CBAD4F1807B2B3F8005AD21E /* AudioSampleEntryAtom.c in Sources */ = {isa = PBXBuildFile; fileRef = CBAD4E9907B2B3F8005AD21E /* AudioSampleEntryAtom.c */; };
		CBAD4F1907B2B3F8005AD21E /* MP4TrackReader.h in Headers */ = {isa = PBXBuildFile; fileRef = CBAD4E9A07B2B3F8005AD21E /* MP4TrackReader.h */; };
		CBAD4F1A07B2B3F8005AD21E /* MP4TrackReader.c in Sources */ = {isa = PBXBuildFile; fileRef = CBAD4E9B07B2B3F8005AD21E /* MP4TrackReader.c */; };
		CBAD4F1B07B2B3F8005AD21E /* MP4SLPacket.c in Sources */ = {isa = PBXBuildFile; fileRef = CBAD4E9C07B2B3F8005AD21E /* MP4SLPacket.c */; };
		CBAD4F1C07B2B3F8005AD21E /* MP4OrdinaryTrackReader.c in Sources */ = {isa = PBXBuildFile; fileRef = CBAD4E9D07B2B3F8005AD21E /* MP4OrdinaryTrackReader.c */; };
		CBAD4F1D07B2B3F8005AD21E /* MP4ODTrackReader.c in Sources */ = {isa = PBXBuildFile; fileRef = CBAD4E9E07B2B3F8005AD21E /* MP4ODTrackReader.c */; };
		CBAD4F1E07B2B3F8005AD21E /* MP4ObjectDescriptor.c in Sources */ = {isa = PBXBuildFile; fileRef = CBAD4E9F07B2B3F8005AD21E /* MP4ObjectDescriptor.c */; };
		CBAD4F1F07B2B3F8005AD21E /* MP4Movies.h in Headers */ = {isa = PBXBuildFile; fileRef = CBAD4EA007B2B3F8005AD21E /* MP4Movies.h */; };
		CBAD4F2007B2B3F8005AD21E /* MP4Movies.c in Sources */ = {isa = PBXBuildFile; fileRef = CBAD4EA107B2B3F8005AD21E /* MP4Movies.c */; };
		CBD9474F0C7B68D400869E72 /* SampleDependencyAtom.c in Sources */ = {isa = PBXBuildFile; fileRef = CBD9474E0C7B68D400869E72 /* SampleDependencyAtom.c */; };
		CBDD341A0ACB3BF300C7EBB7 /* ItemInfoEntryAtom.c in Sources */ = {isa = PBXBuildFile; fileRef = CBDD34190ACB3BF200C7EBB7 /* ItemInfoEntryAtom.c */; };
		CBDD34290ACB402500C7EBB7 /* ItemInfoAtom.c in Sources */ = {isa = PBXBuildFile; fileRef = CBDD34280ACB402500C7EBB7 /* ItemInfoAtom.c */; };
		CBDD34B00ACC396E00C7EBB7 /* ISOMeta.c in Sources */ = {isa = PBXBuildFile; fileRef = CBDD34AF0ACC396E00C7EBB7 /* ISOMeta.c */; };
		CBF7AFDD0AEDE9CA0027965D /* XMLMetaSampleEntry.c in Sources */ = {isa = PBXBuildFile; fileRef = CBF7AFDC0AEDE9CA0027965D /* XMLMetaSampleEntry.c */; };
		CBF7AFFF0AEDEF970027965D /* TextMetaSampleEntry.c in Sources */ = {isa = PBXBuildFile; fileRef = CBF7AFFE0AEDEF970027965D /* TextMetaSampleEntry.c */; };
/* End PBXBuildFile section */

/* Begin PBXFileReference section */
		1863ABDD19F6F72A00715E48 /* CompositionToDecodeAtom.c */ = {isa = PBXFileReference; fileEncoding = 4; lastKnownFileType = sourcecode.c.c; name = CompositionToDecodeAtom.c; path = ../../src/CompositionToDecodeAtom.c; sourceTree = "<group>"; };
		188041D819CB724F00FAABCE /* ExtendedLanguageTag.c */ = {isa = PBXFileReference; fileEncoding = 4; lastKnownFileType = sourcecode.c.c; name = ExtendedLanguageTag.c; path = ../../src/ExtendedLanguageTag.c; sourceTree = "<group>"; };
		188041DA19CB90A800FAABCE /* ChannelLayoutAtom.c */ = {isa = PBXFileReference; fileEncoding = 4; lastKnownFileType = sourcecode.c.c; name = ChannelLayoutAtom.c; path = ../../src/ChannelLayoutAtom.c; sourceTree = "<group>"; };
		188041DC19CBA54300FAABCE /* DownMixInstructionsAtom.c */ = {isa = PBXFileReference; fileEncoding = 4; lastKnownFileType = sourcecode.c.c; name = DownMixInstructionsAtom.c; path = ../../src/DownMixInstructionsAtom.c; sourceTree = "<group>"; };
		188041DE19CC937200FAABCE /* LoudnessBaseAtom.c */ = {isa = PBXFileReference; fileEncoding = 4; lastKnownFileType = sourcecode.c.c; name = LoudnessBaseAtom.c; path = ../../src/LoudnessBaseAtom.c; sourceTree = "<group>"; };
		188041E019CCA28A00FAABCE /* LoudnessAtom.c */ = {isa = PBXFileReference; fileEncoding = 4; lastKnownFileType = sourcecode.c.c; name = LoudnessAtom.c; path = ../../src/LoudnessAtom.c; sourceTree = "<group>"; };
		189725A919F82063001D1219 /* TrackExtensionPropertiesAtom.c */ = {isa = PBXFileReference; fileEncoding = 4; lastKnownFileType = sourcecode.c.c; name = TrackExtensionPropertiesAtom.c; path = ../../src/TrackExtensionPropertiesAtom.c; sourceTree = "<group>"; };
		189725AB19F966C6001D1219 /* SampleAuxiliaryInformationSizesAtom.c */ = {isa = PBXFileReference; fileEncoding = 4; lastKnownFileType = sourcecode.c.c; name = SampleAuxiliaryInformationSizesAtom.c; path = ../../src/SampleAuxiliaryInformationSizesAtom.c; sourceTree = "<group>"; };
		189725AD19F96A76001D1219 /* SampleAuxiliaryInformationOffsetsAtom.c */ = {isa = PBXFileReference; fileEncoding = 4; lastKnownFileType = sourcecode.c.c; name = SampleAuxiliaryInformationOffsetsAtom.c; path = ../../src/SampleAuxiliaryInformationOffsetsAtom.c; sourceTree = "<group>"; };
		18CF72021A0D8D9F006648A8 /* AdditionalMetaDataContainerAtom.c */ = {isa = PBXFileReference; fileEncoding = 4; lastKnownFileType = sourcecode.c.c; name = AdditionalMetaDataContainerAtom.c; path = ../../src/AdditionalMetaDataContainerAtom.c; sourceTree = "<group>"; };
		18CF72041A0D911B006648A8 /* MetaboxRelationAtom.c */ = {isa = PBXFileReference; fileEncoding = 4; lastKnownFileType = sourcecode.c.c; name = MetaboxRelationAtom.c; path = ../../src/MetaboxRelationAtom.c; sourceTree = "<group>"; };
		18CF72061A0D9419006648A8 /* ItemReferenceAtom.c */ = {isa = PBXFileReference; fileEncoding = 4; lastKnownFileType = sourcecode.c.c; name = ItemReferenceAtom.c; path = ../../src/ItemReferenceAtom.c; sourceTree = "<group>"; };
		18CF72081A0D966E006648A8 /* SingleItemTypeReferenceAtom.c */ = {isa = PBXFileReference; fileEncoding = 4; lastKnownFileType = sourcecode.c.c; name = SingleItemTypeReferenceAtom.c; path = ../../src/SingleItemTypeReferenceAtom.c; sourceTree = "<group>"; };
		18CF720A1A12C7E2006648A8 /* ItemDataAtom.c */ = {isa = PBXFileReference; fileEncoding = 4; lastKnownFileType = sourcecode.c.c; name = ItemDataAtom.c; path = ../../src/ItemDataAtom.c; sourceTree = "<group>"; };
		3A25425220317010001A7B60 /* CompatibleSchemeTypeAtom.c */ = {isa = PBXFileReference; fileEncoding = 4; lastKnownFileType = sourcecode.c.c; name = CompatibleSchemeTypeAtom.c; path = ../../src/CompatibleSchemeTypeAtom.c; sourceTree = "<group>"; };
		3A25425320317010001A7B60 /* RestrictedSchemeInfoAtom.c */ = {isa = PBXFileReference; fileEncoding = 4; lastKnownFileType = sourcecode.c.c; name = RestrictedSchemeInfoAtom.c; path = ../../src/RestrictedSchemeInfoAtom.c; sourceTree = "<group>"; };
		3A25425420317010001A7B60 /* RestrictedVideoSampleEntry.c */ = {isa = PBXFileReference; fileEncoding = 4; lastKnownFileType = sourcecode.c.c; name = RestrictedVideoSampleEntry.c; path = ../../src/RestrictedVideoSampleEntry.c; sourceTree = "<group>"; };
		3A25425520317010001A7B60 /* SchemeTypeAtom.c */ = {isa = PBXFileReference; fileEncoding = 4; lastKnownFileType = sourcecode.c.c; name = SchemeTypeAtom.c; path = ../../src/SchemeTypeAtom.c; sourceTree = "<group>"; };
		3A25425620317010001A7B60 /* StereoVideoAtom.c */ = {isa = PBXFileReference; fileEncoding = 4; lastKnownFileType = sourcecode.c.c; name = StereoVideoAtom.c; path = ../../src/StereoVideoAtom.c; sourceTree = "<group>"; };
		3A25425720317010001A7B60 /* TrackTypeAtom.c */ = {isa = PBXFileReference; fileEncoding = 4; lastKnownFileType = sourcecode.c.c; name = TrackTypeAtom.c; path = ../../src/TrackTypeAtom.c; sourceTree = "<group>"; };
		3AE6A1A320522FA300032735 /* StereoVideoGroupAtom.c */ = {isa = PBXFileReference; fileEncoding = 4; lastKnownFileType = sourcecode.c.c; name = StereoVideoGroupAtom.c; path = ../../src/StereoVideoGroupAtom.c; sourceTree = "<group>"; };
		847E863323C41825005247BD /* SubsegmentIndexAtom.c */ = {isa = PBXFileReference; fileEncoding = 4; lastKnownFileType = sourcecode.c.c; name = SubsegmentIndexAtom.c; path = ../../src/SubsegmentIndexAtom.c; sourceTree = "<group>"; };
		847E863423C41825005247BD /* ProducerReferenceTimeAtom.c */ = {isa = PBXFileReference; fileEncoding = 4; lastKnownFileType = sourcecode.c.c; name = ProducerReferenceTimeAtom.c; path = ../../src/ProducerReferenceTimeAtom.c; sourceTree = "<group>"; };
		847E863523C41825005247BD /* SegmentIndexAtom.c */ = {isa = PBXFileReference; fileEncoding = 4; lastKnownFileType = sourcecode.c.c; name = SegmentIndexAtom.c; path = ../../src/SegmentIndexAtom.c; sourceTree = "<group>"; };
		847E863623C41825005247BD /* SegmentTypeAtom.c */ = {isa = PBXFileReference; fileEncoding = 4; lastKnownFileType = sourcecode.c.c; name = SegmentTypeAtom.c; path = ../../src/SegmentTypeAtom.c; sourceTree = "<group>"; };
		84E0E79321C02951004CCF2B /* PCMConfigAtom.c */ = {isa = PBXFileReference; fileEncoding = 4; lastKnownFileType = sourcecode.c.c; name = PCMConfigAtom.c; path = ../../src/PCMConfigAtom.c; sourceTree = "<group>"; };
		B4A11E5B1B1FB11B002C5FD1 /* HEVCConfigAtom.c */ = {isa = PBXFileReference; lastKnownFileType = sourcecode.c.c; name = HEVCConfigAtom.c; path = ../../src/HEVCConfigAtom.c; sourceTree = "<group>"; };
		B4A11E5D1B1FB160002C5FD1 /* SubSampleInformationAtom.c */ = {isa = PBXFileReference; lastKnownFileType = sourcecode.c.c; name = SubSampleInformationAtom.c; path = ../../src/SubSampleInformationAtom.c; sourceTree = "<group>"; };
		B4A11E5F1B1FB19A002C5FD1 /* TrackGroupAtom.c */ = {isa = PBXFileReference; lastKnownFileType = sourcecode.c.c; name = TrackGroupAtom.c; path = ../../src/TrackGroupAtom.c; sourceTree = "<group>"; };
		B4A11E611B1FB1CE002C5FD1 /* TrackGroupTypeAtom.c */ = {isa = PBXFileReference; lastKnownFileType = sourcecode.c.c; name = TrackGroupTypeAtom.c; path = ../../src/TrackGroupTypeAtom.c; sourceTree = "<group>"; };
		C6D4549E1DB513B3001B936A /* ItemPropertiesAtom.c */ = {isa = PBXFileReference; fileEncoding = 4; lastKnownFileType = sourcecode.c.c; name = ItemPropertiesAtom.c; path = ../../src/ItemPropertiesAtom.c; sourceTree = "<group>"; };
		C6D4549F1DB513B3001B936A /* ItemPropertyAssociationAtom.c */ = {isa = PBXFileReference; fileEncoding = 4; lastKnownFileType = sourcecode.c.c; name = ItemPropertyAssociationAtom.c; path = ../../src/ItemPropertyAssociationAtom.c; sourceTree = "<group>"; };
		C6D454A01DB513B3001B936A /* ItemPropertyContainerAtom.c */ = {isa = PBXFileReference; fileEncoding = 4; lastKnownFileType = sourcecode.c.c; name = ItemPropertyContainerAtom.c; path = ../../src/ItemPropertyContainerAtom.c; sourceTree = "<group>"; };
		C6F5636119ABE6BB0010D96F /* TrackFragmentDecodeTimeAtom.c */ = {isa = PBXFileReference; fileEncoding = 4; lastKnownFileType = sourcecode.c.c; name = TrackFragmentDecodeTimeAtom.c; path = ../../src/TrackFragmentDecodeTimeAtom.c; sourceTree = "<group>"; };
		CB43BA960AFF4AB800B31580 /* BitRateAtom.c */ = {isa = PBXFileReference; fileEncoding = 30; lastKnownFileType = sourcecode.c.c; name = BitRateAtom.c; path = ../../src/BitRateAtom.c; sourceTree = SOURCE_ROOT; };
		CB43BA970AFF4AB800B31580 /* AMRWPSpecificInfoAtom.c */ = {isa = PBXFileReference; fileEncoding = 30; lastKnownFileType = sourcecode.c.c; name = AMRWPSpecificInfoAtom.c; path = ../../src/AMRWPSpecificInfoAtom.c; sourceTree = SOURCE_ROOT; };
		CB43BA980AFF4AB800B31580 /* AMRSpecificInfoAtom.c */ = {isa = PBXFileReference; fileEncoding = 30; lastKnownFileType = sourcecode.c.c; name = AMRSpecificInfoAtom.c; path = ../../src/AMRSpecificInfoAtom.c; sourceTree = SOURCE_ROOT; };
		CB43BA990AFF4AB800B31580 /* H263SpecificInfoAtom.c */ = {isa = PBXFileReference; fileEncoding = 30; lastKnownFileType = sourcecode.c.c; name = H263SpecificInfoAtom.c; path = ../../src/H263SpecificInfoAtom.c; sourceTree = SOURCE_ROOT; };
		CB5F5DD20AB81A910031B0E0 /* ISMASaltAtom.c */ = {isa = PBXFileReference; fileEncoding = 4; lastKnownFileType = sourcecode.c.c; name = ISMASaltAtom.c; path = ../../src/ISMASaltAtom.c; sourceTree = SOURCE_ROOT; };
		CB6D2FA30A48D0D1005F9118 /* SampleToGroupAtom.c */ = {isa = PBXFileReference; fileEncoding = 4; lastKnownFileType = sourcecode.c.c; name = SampleToGroupAtom.c; path = ../../src/SampleToGroupAtom.c; sourceTree = SOURCE_ROOT; };
		CB6D2FE80A49C6FF005F9118 /* SampleGroupDescriptionAtom.c */ = {isa = PBXFileReference; fileEncoding = 4; lastKnownFileType = sourcecode.c.c; name = SampleGroupDescriptionAtom.c; path = ../../src/SampleGroupDescriptionAtom.c; sourceTree = SOURCE_ROOT; };
		CB9506320ACB201200680B9C /* MetaAtom.c */ = {isa = PBXFileReference; fileEncoding = 4; lastKnownFileType = sourcecode.c.c; name = MetaAtom.c; path = ../../src/MetaAtom.c; sourceTree = SOURCE_ROOT; };
		CB95064F0ACB245000680B9C /* PrimaryItemAtom.c */ = {isa = PBXFileReference; fileEncoding = 4; lastKnownFileType = sourcecode.c.c; name = PrimaryItemAtom.c; path = ../../src/PrimaryItemAtom.c; sourceTree = SOURCE_ROOT; };
		CB9506680ACB262E00680B9C /* ItemLocationAtom.c */ = {isa = PBXFileReference; fileEncoding = 4; lastKnownFileType = sourcecode.c.c; name = ItemLocationAtom.c; path = ../../src/ItemLocationAtom.c; sourceTree = SOURCE_ROOT; };
		CB9506A20ACB36F900680B9C /* ItemProtectionAtom.c */ = {isa = PBXFileReference; fileEncoding = 4; lastKnownFileType = sourcecode.c.c; name = ItemProtectionAtom.c; path = ../../src/ItemProtectionAtom.c; sourceTree = SOURCE_ROOT; };
		CB9CF8280AD57A4200F8F722 /* ISOSampleDescriptions.c */ = {isa = PBXFileReference; fileEncoding = 4; lastKnownFileType = sourcecode.c.c; name = ISOSampleDescriptions.c; path = ../../src/ISOSampleDescriptions.c; sourceTree = SOURCE_ROOT; };
		CB9CF8340AD57AEC00F8F722 /* VCConfigAtom.c */ = {isa = PBXFileReference; fileEncoding = 4; lastKnownFileType = sourcecode.c.c; name = VCConfigAtom.c; path = ../../src/VCConfigAtom.c; sourceTree = SOURCE_ROOT; };
		CBAD4E1D07B2B3E3005AD21E /* SimpleFileMappingObject.c */ = {isa = PBXFileReference; fileEncoding = 30; lastKnownFileType = sourcecode.c.c; name = SimpleFileMappingObject.c; path = ../SimpleFileMappingObject.c; sourceTree = SOURCE_ROOT; };
		CBAD4E1E07B2B3E3005AD21E /* MP4OSMacros.h */ = {isa = PBXFileReference; fileEncoding = 30; lastKnownFileType = sourcecode.c.h; name = MP4OSMacros.h; path = ../MP4OSMacros.h; sourceTree = SOURCE_ROOT; };
		CBAD4E1F07B2B3E3005AD21E /* SimpleFileMappingObject.h */ = {isa = PBXFileReference; fileEncoding = 30; lastKnownFileType = sourcecode.c.h; name = SimpleFileMappingObject.h; path = ../SimpleFileMappingObject.h; sourceTree = SOURCE_ROOT; };
		CBAD4E2307B2B3F8005AD21E /* DataReferenceAtom.c */ = {isa = PBXFileReference; fileEncoding = 30; lastKnownFileType = sourcecode.c.c; name = DataReferenceAtom.c; path = ../../src/DataReferenceAtom.c; sourceTree = SOURCE_ROOT; };
		CBAD4E2407B2B3F8005AD21E /* DataInformationAtom.c */ = {isa = PBXFileReference; fileEncoding = 30; lastKnownFileType = sourcecode.c.c; name = DataInformationAtom.c; path = ../../src/DataInformationAtom.c; sourceTree = SOURCE_ROOT; };
		CBAD4E2507B2B3F8005AD21E /* DataEntryURNAtom.c */ = {isa = PBXFileReference; fileEncoding = 30; lastKnownFileType = sourcecode.c.c; name = DataEntryURNAtom.c; path = ../../src/DataEntryURNAtom.c; sourceTree = SOURCE_ROOT; };
		CBAD4E2607B2B3F8005AD21E /* VideoMediaHeaderAtom.c */ = {isa = PBXFileReference; fileEncoding = 30; lastKnownFileType = sourcecode.c.c; name = VideoMediaHeaderAtom.c; path = ../../src/VideoMediaHeaderAtom.c; sourceTree = SOURCE_ROOT; };
		CBAD4E2707B2B3F8005AD21E /* UserDataAtom.c */ = {isa = PBXFileReference; fileEncoding = 30; lastKnownFileType = sourcecode.c.c; name = UserDataAtom.c; path = ../../src/UserDataAtom.c; sourceTree = SOURCE_ROOT; };
		CBAD4E2807B2B3F8005AD21E /* UnknownAtom.c */ = {isa = PBXFileReference; fileEncoding = 30; lastKnownFileType = sourcecode.c.c; name = UnknownAtom.c; path = ../../src/UnknownAtom.c; sourceTree = SOURCE_ROOT; };
		CBAD4E2907B2B3F8005AD21E /* TrackReferenceTypeAtom.c */ = {isa = PBXFileReference; fileEncoding = 30; lastKnownFileType = sourcecode.c.c; name = TrackReferenceTypeAtom.c; path = ../../src/TrackReferenceTypeAtom.c; sourceTree = SOURCE_ROOT; };
		CBAD4E2A07B2B3F8005AD21E /* TrackReferenceAtom.c */ = {isa = PBXFileReference; fileEncoding = 30; lastKnownFileType = sourcecode.c.c; name = TrackReferenceAtom.c; path = ../../src/TrackReferenceAtom.c; sourceTree = SOURCE_ROOT; };
		CBAD4E2B07B2B3F8005AD21E /* TrackHeaderAtom.c */ = {isa = PBXFileReference; fileEncoding = 30; lastKnownFileType = sourcecode.c.c; name = TrackHeaderAtom.c; path = ../../src/TrackHeaderAtom.c; sourceTree = SOURCE_ROOT; };
		CBAD4E2C07B2B3F8005AD21E /* TrackFragmentRunAtom.c */ = {isa = PBXFileReference; fileEncoding = 30; lastKnownFileType = sourcecode.c.c; name = TrackFragmentRunAtom.c; path = ../../src/TrackFragmentRunAtom.c; sourceTree = SOURCE_ROOT; };
		CBAD4E2D07B2B3F8005AD21E /* TrackFragmentHeaderAtom.c */ = {isa = PBXFileReference; fileEncoding = 30; lastKnownFileType = sourcecode.c.c; name = TrackFragmentHeaderAtom.c; path = ../../src/TrackFragmentHeaderAtom.c; sourceTree = SOURCE_ROOT; };
		CBAD4E2E07B2B3F8005AD21E /* DataEntryURLAtom.c */ = {isa = PBXFileReference; fileEncoding = 30; lastKnownFileType = sourcecode.c.c; name = DataEntryURLAtom.c; path = ../../src/DataEntryURLAtom.c; sourceTree = SOURCE_ROOT; };
		CBAD4E2F07B2B3F8005AD21E /* CopyrightAtom.c */ = {isa = PBXFileReference; fileEncoding = 30; lastKnownFileType = sourcecode.c.c; name = CopyrightAtom.c; path = ../../src/CopyrightAtom.c; sourceTree = SOURCE_ROOT; };
		CBAD4E3007B2B3F8005AD21E /* ISMASecurity.c */ = {isa = PBXFileReference; fileEncoding = 30; lastKnownFileType = sourcecode.c.c; name = ISMASecurity.c; path = ../../src/ISMASecurity.c; sourceTree = SOURCE_ROOT; };
		CBAD4E3107B2B3F8005AD21E /* ISMASampleFormatAtom.c */ = {isa = PBXFileReference; fileEncoding = 30; lastKnownFileType = sourcecode.c.c; name = ISMASampleFormatAtom.c; path = ../../src/ISMASampleFormatAtom.c; sourceTree = SOURCE_ROOT; };
		CBAD4E3207B2B3F8005AD21E /* ISMAKMSAtom.c */ = {isa = PBXFileReference; fileEncoding = 30; lastKnownFileType = sourcecode.c.c; name = ISMAKMSAtom.c; path = ../../src/ISMAKMSAtom.c; sourceTree = SOURCE_ROOT; };
		CBAD4E3307B2B3F8005AD21E /* GenericSampleEntryAtom.c */ = {isa = PBXFileReference; fileEncoding = 30; lastKnownFileType = sourcecode.c.c; name = GenericSampleEntryAtom.c; path = ../../src/GenericSampleEntryAtom.c; sourceTree = SOURCE_ROOT; };
		CBAD4E3407B2B3F8005AD21E /* FreeSpaceAtom.c */ = {isa = PBXFileReference; fileEncoding = 30; lastKnownFileType = sourcecode.c.c; name = FreeSpaceAtom.c; path = ../../src/FreeSpaceAtom.c; sourceTree = SOURCE_ROOT; };
		CBAD4E3507B2B3F8005AD21E /* FileMappingObject.h */ = {isa = PBXFileReference; fileEncoding = 30; lastKnownFileType = sourcecode.c.h; name = FileMappingObject.h; path = ../../src/FileMappingObject.h; sourceTree = SOURCE_ROOT; };
		CBAD4E3607B2B3F8005AD21E /* MP4InitialObjectDescriptor.c */ = {isa = PBXFileReference; fileEncoding = 30; lastKnownFileType = sourcecode.c.c; name = MP4InitialObjectDescriptor.c; path = ../../src/MP4InitialObjectDescriptor.c; sourceTree = SOURCE_ROOT; };
		CBAD4E3707B2B3F8005AD21E /* MP4Impl.h */ = {isa = PBXFileReference; fileEncoding = 30; lastKnownFileType = sourcecode.c.h; name = MP4Impl.h; path = ../../src/MP4Impl.h; sourceTree = SOURCE_ROOT; };
		CBAD4E3807B2B3F8005AD21E /* IPMPToolUpdateCommand.c */ = {isa = PBXFileReference; fileEncoding = 30; lastKnownFileType = sourcecode.c.c; name = IPMPToolUpdateCommand.c; path = ../../src/IPMPToolUpdateCommand.c; sourceTree = SOURCE_ROOT; };
		CBAD4E3907B2B3F8005AD21E /* HintMediaHeaderAtom.c */ = {isa = PBXFileReference; fileEncoding = 30; lastKnownFileType = sourcecode.c.c; name = HintMediaHeaderAtom.c; path = ../../src/HintMediaHeaderAtom.c; sourceTree = SOURCE_ROOT; };
		CBAD4E3A07B2B3F8005AD21E /* HandlerAtom.c */ = {isa = PBXFileReference; fileEncoding = 30; lastKnownFileType = sourcecode.c.c; name = HandlerAtom.c; path = ../../src/HandlerAtom.c; sourceTree = SOURCE_ROOT; };
		CBAD4E3B07B2B3F8005AD21E /* TimeToSampleAtom.c */ = {isa = PBXFileReference; fileEncoding = 30; lastKnownFileType = sourcecode.c.c; name = TimeToSampleAtom.c; path = ../../src/TimeToSampleAtom.c; sourceTree = SOURCE_ROOT; };
		CBAD4E3C07B2B3F8005AD21E /* SyncSampleAtom.c */ = {isa = PBXFileReference; fileEncoding = 30; lastKnownFileType = sourcecode.c.c; name = SyncSampleAtom.c; path = ../../src/SyncSampleAtom.c; sourceTree = SOURCE_ROOT; };
		CBAD4E3D07B2B3F8005AD21E /* MP4MovieFile.c */ = {isa = PBXFileReference; fileEncoding = 30; lastKnownFileType = sourcecode.c.c; name = MP4MovieFile.c; path = ../../src/MP4MovieFile.c; sourceTree = SOURCE_ROOT; };
		CBAD4E3E07B2B3F8005AD21E /* MP4MemoryInputStream.c */ = {isa = PBXFileReference; fileEncoding = 30; lastKnownFileType = sourcecode.c.c; name = MP4MemoryInputStream.c; path = ../../src/MP4MemoryInputStream.c; sourceTree = SOURCE_ROOT; };
		CBAD4E3F07B2B3F8005AD21E /* MP4Media.c */ = {isa = PBXFileReference; fileEncoding = 30; lastKnownFileType = sourcecode.c.c; name = MP4Media.c; path = ../../src/MP4Media.c; sourceTree = SOURCE_ROOT; };
		CBAD4E4007B2B3F8005AD21E /* SceneDescriptionMediaHeader.c */ = {isa = PBXFileReference; fileEncoding = 30; lastKnownFileType = sourcecode.c.c; name = SceneDescriptionMediaHeader.c; path = ../../src/SceneDescriptionMediaHeader.c; sourceTree = SOURCE_ROOT; };
		CBAD4E4107B2B3F8005AD21E /* SampleToChunkAtom.c */ = {isa = PBXFileReference; fileEncoding = 30; lastKnownFileType = sourcecode.c.c; name = SampleToChunkAtom.c; path = ../../src/SampleToChunkAtom.c; sourceTree = SOURCE_ROOT; };
		CBAD4E4207B2B3F8005AD21E /* SampleTableAtom.c */ = {isa = PBXFileReference; fileEncoding = 30; lastKnownFileType = sourcecode.c.c; name = SampleTableAtom.c; path = ../../src/SampleTableAtom.c; sourceTree = SOURCE_ROOT; };
		CBAD4E4307B2B3F8005AD21E /* SampleSizeAtom.c */ = {isa = PBXFileReference; fileEncoding = 30; lastKnownFileType = sourcecode.c.c; name = SampleSizeAtom.c; path = ../../src/SampleSizeAtom.c; sourceTree = SOURCE_ROOT; };
		CBAD4E4407B2B3F8005AD21E /* SampleDescriptionAtom.c */ = {isa = PBXFileReference; fileEncoding = 30; lastKnownFileType = sourcecode.c.c; name = SampleDescriptionAtom.c; path = ../../src/SampleDescriptionAtom.c; sourceTree = SOURCE_ROOT; };
		CBAD4E4507B2B3F8005AD21E /* QTMovies.c */ = {isa = PBXFileReference; fileEncoding = 30; lastKnownFileType = sourcecode.c.c; name = QTMovies.c; path = ../../src/QTMovies.c; sourceTree = SOURCE_ROOT; };
		CBAD4E4607B2B3F8005AD21E /* PaddingBitsAtom.c */ = {isa = PBXFileReference; fileEncoding = 30; lastKnownFileType = sourcecode.c.c; name = PaddingBitsAtom.c; path = ../../src/PaddingBitsAtom.c; sourceTree = SOURCE_ROOT; };
		CBAD4E4707B2B3F8005AD21E /* MediaHeaderAtom.c */ = {isa = PBXFileReference; fileEncoding = 30; lastKnownFileType = sourcecode.c.c; name = MediaHeaderAtom.c; path = ../../src/MediaHeaderAtom.c; sourceTree = SOURCE_ROOT; };
		CBAD4E4807B2B3F8005AD21E /* MediaDataAtom.c */ = {isa = PBXFileReference; fileEncoding = 30; lastKnownFileType = sourcecode.c.c; name = MediaDataAtom.c; path = ../../src/MediaDataAtom.c; sourceTree = SOURCE_ROOT; };
		CBAD4E4907B2B3F8005AD21E /* MediaAtom.c */ = {isa = PBXFileReference; fileEncoding = 30; lastKnownFileType = sourcecode.c.c; name = MediaAtom.c; path = ../../src/MediaAtom.c; sourceTree = SOURCE_ROOT; };
		CBAD4E4A07B2B3F8005AD21E /* MdatDataHandler.h */ = {isa = PBXFileReference; fileEncoding = 30; lastKnownFileType = sourcecode.c.h; name = MdatDataHandler.h; path = ../../src/MdatDataHandler.h; sourceTree = SOURCE_ROOT; };
		CBAD4E4B07B2B3F8005AD21E /* MP4ES_ID_RefDescriptor.c */ = {isa = PBXFileReference; fileEncoding = 30; lastKnownFileType = sourcecode.c.c; name = MP4ES_ID_RefDescriptor.c; path = ../../src/MP4ES_ID_RefDescriptor.c; sourceTree = SOURCE_ROOT; };
		CBAD4E4C07B2B3F8005AD21E /* MdatDataHandler.c */ = {isa = PBXFileReference; fileEncoding = 30; lastKnownFileType = sourcecode.c.c; name = MdatDataHandler.c; path = ../../src/MdatDataHandler.c; sourceTree = SOURCE_ROOT; };
		CBAD4E4D07B2B3F8005AD21E /* ISOMovies.h */ = {isa = PBXFileReference; fileEncoding = 30; lastKnownFileType = sourcecode.c.h; name = ISOMovies.h; path = ../../src/ISOMovies.h; sourceTree = SOURCE_ROOT; };
		CBAD4E4E07B2B3F8005AD21E /* FileMappingDataHandler.h */ = {isa = PBXFileReference; fileEncoding = 30; lastKnownFileType = sourcecode.c.h; name = FileMappingDataHandler.h; path = ../../src/FileMappingDataHandler.h; sourceTree = SOURCE_ROOT; };
		CBAD4E4F07B2B3F8005AD21E /* FileMappingDataHandler.c */ = {isa = PBXFileReference; fileEncoding = 30; lastKnownFileType = sourcecode.c.c; name = FileMappingDataHandler.c; path = ../../src/FileMappingDataHandler.c; sourceTree = SOURCE_ROOT; };
		CBAD4E5007B2B3F8005AD21E /* ESUpdateCommand.c */ = {isa = PBXFileReference; fileEncoding = 30; lastKnownFileType = sourcecode.c.c; name = ESUpdateCommand.c; path = ../../src/ESUpdateCommand.c; sourceTree = SOURCE_ROOT; };
		CBAD4E5107B2B3F8005AD21E /* ESDAtom.c */ = {isa = PBXFileReference; fileEncoding = 30; lastKnownFileType = sourcecode.c.c; name = ESDAtom.c; path = ../../src/ESDAtom.c; sourceTree = SOURCE_ROOT; };
		CBAD4E5207B2B3F8005AD21E /* EncVisualSampleEntryAtom.c */ = {isa = PBXFileReference; fileEncoding = 30; lastKnownFileType = sourcecode.c.c; name = EncVisualSampleEntryAtom.c; path = ../../src/EncVisualSampleEntryAtom.c; sourceTree = SOURCE_ROOT; };
		CBAD4E5307B2B3F8005AD21E /* TrackFragmentAtom.c */ = {isa = PBXFileReference; fileEncoding = 4; lastKnownFileType = sourcecode.c.c; name = TrackFragmentAtom.c; path = ../../src/TrackFragmentAtom.c; sourceTree = SOURCE_ROOT; };
		CBAD4E5407B2B3F8005AD21E /* TrackExtendsAtom.c */ = {isa = PBXFileReference; fileEncoding = 30; lastKnownFileType = sourcecode.c.c; name = TrackExtendsAtom.c; path = ../../src/TrackExtendsAtom.c; sourceTree = SOURCE_ROOT; };
		CBAD4E5507B2B3F8005AD21E /* TrackAtom.c */ = {isa = PBXFileReference; fileEncoding = 30; lastKnownFileType = sourcecode.c.c; name = TrackAtom.c; path = ../../src/TrackAtom.c; sourceTree = SOURCE_ROOT; };
		CBAD4E5607B2B3F8005AD21E /* SecuritySchemeAtom.c */ = {isa = PBXFileReference; fileEncoding = 30; lastKnownFileType = sourcecode.c.c; name = SecuritySchemeAtom.c; path = ../../src/SecuritySchemeAtom.c; sourceTree = SOURCE_ROOT; };
		CBAD4E5707B2B3F8005AD21E /* SecurityInfoAtom.c */ = {isa = PBXFileReference; fileEncoding = 30; lastKnownFileType = sourcecode.c.c; name = SecurityInfoAtom.c; path = ../../src/SecurityInfoAtom.c; sourceTree = SOURCE_ROOT; };
		CBAD4E5807B2B3F8005AD21E /* SchemeInfoAtom.c */ = {isa = PBXFileReference; fileEncoding = 30; lastKnownFileType = sourcecode.c.c; name = SchemeInfoAtom.c; path = ../../src/SchemeInfoAtom.c; sourceTree = SOURCE_ROOT; };
		CBAD4E5907B2B3F8005AD21E /* MP4IPMPX.c */ = {isa = PBXFileReference; fileEncoding = 30; lastKnownFileType = sourcecode.c.c; name = MP4IPMPX.c; path = ../../src/MP4IPMPX.c; sourceTree = SOURCE_ROOT; };
		CBAD4E5A07B2B3F8005AD21E /* MP4IPMPToolList.c */ = {isa = PBXFileReference; fileEncoding = 30; lastKnownFileType = sourcecode.c.c; name = MP4IPMPToolList.c; path = ../../src/MP4IPMPToolList.c; sourceTree = SOURCE_ROOT; };
		CBAD4E5B07B2B3F8005AD21E /* MP4IPMPToolDescriptor.c */ = {isa = PBXFileReference; fileEncoding = 30; lastKnownFileType = sourcecode.c.c; name = MP4IPMPToolDescriptor.c; path = ../../src/MP4IPMPToolDescriptor.c; sourceTree = SOURCE_ROOT; };
		CBAD4E5C07B2B3F8005AD21E /* MP4IPMPTool.c */ = {isa = PBXFileReference; fileEncoding = 30; lastKnownFileType = sourcecode.c.c; name = MP4IPMPTool.c; path = ../../src/MP4IPMPTool.c; sourceTree = SOURCE_ROOT; };
		CBAD4E5D07B2B3F8005AD21E /* MP4IPMPInitialize.c */ = {isa = PBXFileReference; fileEncoding = 30; lastKnownFileType = sourcecode.c.c; name = MP4IPMPInitialize.c; path = ../../src/MP4IPMPInitialize.c; sourceTree = SOURCE_ROOT; };
		CBAD4E5E07B2B3F8005AD21E /* MP4IPMPDescriptorPointer.c */ = {isa = PBXFileReference; fileEncoding = 30; lastKnownFileType = sourcecode.c.c; name = MP4IPMPDescriptorPointer.c; path = ../../src/MP4IPMPDescriptorPointer.c; sourceTree = SOURCE_ROOT; };
		CBAD4E5F07B2B3F8005AD21E /* MP4InputStream.h */ = {isa = PBXFileReference; fileEncoding = 30; lastKnownFileType = sourcecode.c.h; name = MP4InputStream.h; path = ../../src/MP4InputStream.h; sourceTree = SOURCE_ROOT; };
		CBAD4E6007B2B3F8005AD21E /* MP4InputStream.c */ = {isa = PBXFileReference; fileEncoding = 30; lastKnownFileType = sourcecode.c.c; name = MP4InputStream.c; path = ../../src/MP4InputStream.c; sourceTree = SOURCE_ROOT; };
		CBAD4E6107B2B3F8005AD21E /* MP4LinkedList.h */ = {isa = PBXFileReference; fileEncoding = 30; lastKnownFileType = sourcecode.c.h; name = MP4LinkedList.h; path = ../../src/MP4LinkedList.h; sourceTree = SOURCE_ROOT; };
		CBAD4E6207B2B3F8005AD21E /* MP4LinkedList.c */ = {isa = PBXFileReference; fileEncoding = 30; lastKnownFileType = sourcecode.c.c; name = MP4LinkedList.c; path = ../../src/MP4LinkedList.c; sourceTree = SOURCE_ROOT; };
		CBAD4E6307B2B3F8005AD21E /* MP4IPMPXDefaultData.c */ = {isa = PBXFileReference; fileEncoding = 30; lastKnownFileType = sourcecode.c.c; name = MP4IPMPXDefaultData.c; path = ../../src/MP4IPMPXDefaultData.c; sourceTree = SOURCE_ROOT; };
		CBAD4E6407B2B3F8005AD21E /* MP4IPMPXData.h */ = {isa = PBXFileReference; fileEncoding = 30; lastKnownFileType = sourcecode.c.h; name = MP4IPMPXData.h; path = ../../src/MP4IPMPXData.h; sourceTree = SOURCE_ROOT; };
		CBAD4E6507B2B3F8005AD21E /* MP4IPMPXData.c */ = {isa = PBXFileReference; fileEncoding = 30; lastKnownFileType = sourcecode.c.c; name = MP4IPMPXData.c; path = ../../src/MP4IPMPXData.c; sourceTree = SOURCE_ROOT; };
		CBAD4E6607B2B3F8005AD21E /* SoundMediaHeaderAtom.c */ = {isa = PBXFileReference; fileEncoding = 30; lastKnownFileType = sourcecode.c.c; name = SoundMediaHeaderAtom.c; path = ../../src/SoundMediaHeaderAtom.c; sourceTree = SOURCE_ROOT; };
		CBAD4E6707B2B3F8005AD21E /* SLConfigDescriptor.c */ = {isa = PBXFileReference; fileEncoding = 30; lastKnownFileType = sourcecode.c.c; name = SLConfigDescriptor.c; path = ../../src/SLConfigDescriptor.c; sourceTree = SOURCE_ROOT; };
		CBAD4E6807B2B3F8005AD21E /* ShadowSyncAtom.c */ = {isa = PBXFileReference; fileEncoding = 30; lastKnownFileType = sourcecode.c.c; name = ShadowSyncAtom.c; path = ../../src/ShadowSyncAtom.c; sourceTree = SOURCE_ROOT; };
		CBAD4E6A07B2B3F8005AD21E /* BaseDescriptor.c */ = {isa = PBXFileReference; fileEncoding = 30; lastKnownFileType = sourcecode.c.c; name = BaseDescriptor.c; path = ../../src/BaseDescriptor.c; sourceTree = SOURCE_ROOT; };
		CBAD4E6B07B2B3F8005AD21E /* EncAudioSampleEntryAtom.c */ = {isa = PBXFileReference; fileEncoding = 30; lastKnownFileType = sourcecode.c.c; name = EncAudioSampleEntryAtom.c; path = ../../src/EncAudioSampleEntryAtom.c; sourceTree = SOURCE_ROOT; };
		CBAD4E6C07B2B3F8005AD21E /* EditListAtom.c */ = {isa = PBXFileReference; fileEncoding = 30; lastKnownFileType = sourcecode.c.c; name = EditListAtom.c; path = ../../src/EditListAtom.c; sourceTree = SOURCE_ROOT; };
		CBAD4E6D07B2B3F8005AD21E /* EditAtom.c */ = {isa = PBXFileReference; fileEncoding = 30; lastKnownFileType = sourcecode.c.c; name = EditAtom.c; path = ../../src/EditAtom.c; sourceTree = SOURCE_ROOT; };
		CBAD4E6E07B2B3F8005AD21E /* DegradationPriorityAtom.c */ = {isa = PBXFileReference; fileEncoding = 30; lastKnownFileType = sourcecode.c.c; name = DegradationPriorityAtom.c; path = ../../src/DegradationPriorityAtom.c; sourceTree = SOURCE_ROOT; };
		CBAD4E6F07B2B3F8005AD21E /* DecodingOffsetAtom.c */ = {isa = PBXFileReference; fileEncoding = 30; lastKnownFileType = sourcecode.c.c; name = DecodingOffsetAtom.c; path = ../../src/DecodingOffsetAtom.c; sourceTree = SOURCE_ROOT; };
		CBAD4E7007B2B3F8005AD21E /* ClockReferenceMediaHeader.c */ = {isa = PBXFileReference; fileEncoding = 30; lastKnownFileType = sourcecode.c.c; name = ClockReferenceMediaHeader.c; path = ../../src/ClockReferenceMediaHeader.c; sourceTree = SOURCE_ROOT; };
		CBAD4E7107B2B3F8005AD21E /* ChunkOffsetAtom.c */ = {isa = PBXFileReference; fileEncoding = 30; lastKnownFileType = sourcecode.c.c; name = ChunkOffsetAtom.c; path = ../../src/ChunkOffsetAtom.c; sourceTree = SOURCE_ROOT; };
		CBAD4E7207B2B3F8005AD21E /* OriginalFormatAtom.c */ = {isa = PBXFileReference; fileEncoding = 30; lastKnownFileType = sourcecode.c.c; name = OriginalFormatAtom.c; path = ../../src/OriginalFormatAtom.c; sourceTree = SOURCE_ROOT; };
		CBAD4E7307B2B3F8005AD21E /* ODUpdateCommand.c */ = {isa = PBXFileReference; fileEncoding = 30; lastKnownFileType = sourcecode.c.c; name = ODUpdateCommand.c; path = ../../src/ODUpdateCommand.c; sourceTree = SOURCE_ROOT; };
		CBAD4E7407B2B3F8005AD21E /* ObjectDescriptorMediaHeader.c */ = {isa = PBXFileReference; fileEncoding = 30; lastKnownFileType = sourcecode.c.c; name = ObjectDescriptorMediaHeader.c; path = ../../src/ObjectDescriptorMediaHeader.c; sourceTree = SOURCE_ROOT; };
		CBAD4E7507B2B3F8005AD21E /* MP4Handle.c */ = {isa = PBXFileReference; fileEncoding = 30; lastKnownFileType = sourcecode.c.c; name = MP4Handle.c; path = ../../src/MP4Handle.c; sourceTree = SOURCE_ROOT; };
		CBAD4E7607B2B3F8005AD21E /* MP4FileMappingInputStream.c */ = {isa = PBXFileReference; fileEncoding = 30; lastKnownFileType = sourcecode.c.c; name = MP4FileMappingInputStream.c; path = ../../src/MP4FileMappingInputStream.c; sourceTree = SOURCE_ROOT; };
		CBAD4E7707B2B3F8005AD21E /* MP4ESDescriptor.c */ = {isa = PBXFileReference; fileEncoding = 30; lastKnownFileType = sourcecode.c.c; name = MP4ESDescriptor.c; path = ../../src/MP4ESDescriptor.c; sourceTree = SOURCE_ROOT; };
		CBAD4E7807B2B3F8005AD21E /* MP4ES_ID_IncDescriptor.c */ = {isa = PBXFileReference; fileEncoding = 30; lastKnownFileType = sourcecode.c.c; name = MP4ES_ID_IncDescriptor.c; path = ../../src/MP4ES_ID_IncDescriptor.c; sourceTree = SOURCE_ROOT; };
		CBAD4E7907B2B3F8005AD21E /* MP4Descriptors.h */ = {isa = PBXFileReference; fileEncoding = 30; lastKnownFileType = sourcecode.c.h; name = MP4Descriptors.h; path = ../../src/MP4Descriptors.h; sourceTree = SOURCE_ROOT; };
		CBAD4E7A07B2B3F8005AD21E /* MP4Descriptors.c */ = {isa = PBXFileReference; fileEncoding = 30; lastKnownFileType = sourcecode.c.c; name = MP4Descriptors.c; path = ../../src/MP4Descriptors.c; sourceTree = SOURCE_ROOT; };
		CBAD4E7B07B2B3F8005AD21E /* MP4DefaultDescriptor.c */ = {isa = PBXFileReference; fileEncoding = 30; lastKnownFileType = sourcecode.c.c; name = MP4DefaultDescriptor.c; path = ../../src/MP4DefaultDescriptor.c; sourceTree = SOURCE_ROOT; };
		CBAD4E7C07B2B3F8005AD21E /* MP4DefaultCommand.c */ = {isa = PBXFileReference; fileEncoding = 30; lastKnownFileType = sourcecode.c.c; name = MP4DefaultCommand.c; path = ../../src/MP4DefaultCommand.c; sourceTree = SOURCE_ROOT; };
		CBAD4E7D07B2B3F8005AD21E /* MP4DecoderConfigDescriptor.c */ = {isa = PBXFileReference; fileEncoding = 30; lastKnownFileType = sourcecode.c.c; name = MP4DecoderConfigDescriptor.c; path = ../../src/MP4DecoderConfigDescriptor.c; sourceTree = SOURCE_ROOT; };
		CBAD4E7E07B2B3F8005AD21E /* MP4DataHandler.h */ = {isa = PBXFileReference; fileEncoding = 30; lastKnownFileType = sourcecode.c.h; name = MP4DataHandler.h; path = ../../src/MP4DataHandler.h; sourceTree = SOURCE_ROOT; };
		CBAD4E7F07B2B3F8005AD21E /* MP4DataHandler.c */ = {isa = PBXFileReference; fileEncoding = 30; lastKnownFileType = sourcecode.c.c; name = MP4DataHandler.c; path = ../../src/MP4DataHandler.c; sourceTree = SOURCE_ROOT; };
		CBAD4E8007B2B3F8005AD21E /* MP4Commands.c */ = {isa = PBXFileReference; fileEncoding = 30; lastKnownFileType = sourcecode.c.c; name = MP4Commands.c; path = ../../src/MP4Commands.c; sourceTree = SOURCE_ROOT; };
		CBAD4E8107B2B3F8005AD21E /* MP4Atoms.h */ = {isa = PBXFileReference; fileEncoding = 30; lastKnownFileType = sourcecode.c.h; name = MP4Atoms.h; path = ../../src/MP4Atoms.h; sourceTree = SOURCE_ROOT; };
		CBAD4E8207B2B3F8005AD21E /* MP4Atoms.c */ = {isa = PBXFileReference; fileEncoding = 30; lastKnownFileType = sourcecode.c.c; name = MP4Atoms.c; path = ../../src/MP4Atoms.c; sourceTree = SOURCE_ROOT; };
		CBAD4E8307B2B3F8005AD21E /* MovieTracks.h */ = {isa = PBXFileReference; fileEncoding = 30; lastKnownFileType = sourcecode.c.h; name = MovieTracks.h; path = ../../src/MovieTracks.h; sourceTree = SOURCE_ROOT; };
		CBAD4E8407B2B3F8005AD21E /* MovieTracks.c */ = {isa = PBXFileReference; fileEncoding = 30; lastKnownFileType = sourcecode.c.c; name = MovieTracks.c; path = ../../src/MovieTracks.c; sourceTree = SOURCE_ROOT; };
		CBAD4E8507B2B3F8005AD21E /* MovieHeaderAtom.c */ = {isa = PBXFileReference; fileEncoding = 30; lastKnownFileType = sourcecode.c.c; name = MovieHeaderAtom.c; path = ../../src/MovieHeaderAtom.c; sourceTree = SOURCE_ROOT; };
		CBAD4E8607B2B3F8005AD21E /* MovieFragmentHeaderAtom.c */ = {isa = PBXFileReference; fileEncoding = 30; lastKnownFileType = sourcecode.c.c; name = MovieFragmentHeaderAtom.c; path = ../../src/MovieFragmentHeaderAtom.c; sourceTree = SOURCE_ROOT; };
		CBAD4E8707B2B3F8005AD21E /* MovieFragmentAtom.c */ = {isa = PBXFileReference; fileEncoding = 30; lastKnownFileType = sourcecode.c.c; name = MovieFragmentAtom.c; path = ../../src/MovieFragmentAtom.c; sourceTree = SOURCE_ROOT; };
		CBAD4E8807B2B3F8005AD21E /* MovieExtendsAtom.c */ = {isa = PBXFileReference; fileEncoding = 30; lastKnownFileType = sourcecode.c.c; name = MovieExtendsAtom.c; path = ../../src/MovieExtendsAtom.c; sourceTree = SOURCE_ROOT; };
		CBAD4E8907B2B3F8005AD21E /* MovieAtom.c */ = {isa = PBXFileReference; fileEncoding = 30; lastKnownFileType = sourcecode.c.c; name = MovieAtom.c; path = ../../src/MovieAtom.c; sourceTree = SOURCE_ROOT; };
		CBAD4E8A07B2B3F8005AD21E /* MJ2SignatureAtom.c */ = {isa = PBXFileReference; fileEncoding = 30; lastKnownFileType = sourcecode.c.c; name = MJ2SignatureAtom.c; path = ../../src/MJ2SignatureAtom.c; sourceTree = SOURCE_ROOT; };
		CBAD4E8B07B2B3F8005AD21E /* MJ2Movies.c */ = {isa = PBXFileReference; fileEncoding = 30; lastKnownFileType = sourcecode.c.c; name = MJ2Movies.c; path = ../../src/MJ2Movies.c; sourceTree = SOURCE_ROOT; };
		CBAD4E8C07B2B3F8005AD21E /* MJ2ImageHeaderAtom.c */ = {isa = PBXFileReference; fileEncoding = 30; lastKnownFileType = sourcecode.c.c; name = MJ2ImageHeaderAtom.c; path = ../../src/MJ2ImageHeaderAtom.c; sourceTree = SOURCE_ROOT; };
		CBAD4E8D07B2B3F8005AD21E /* MJ2HeaderAtom.c */ = {isa = PBXFileReference; fileEncoding = 30; lastKnownFileType = sourcecode.c.c; name = MJ2HeaderAtom.c; path = ../../src/MJ2HeaderAtom.c; sourceTree = SOURCE_ROOT; };
		CBAD4E8E07B2B3F8005AD21E /* MJ2FileTypeAtom.c */ = {isa = PBXFileReference; fileEncoding = 30; lastKnownFileType = sourcecode.c.c; name = MJ2FileTypeAtom.c; path = ../../src/MJ2FileTypeAtom.c; sourceTree = SOURCE_ROOT; };
		CBAD4E8F07B2B3F8005AD21E /* MJ2ColorSpecificationAtom.c */ = {isa = PBXFileReference; fileEncoding = 30; lastKnownFileType = sourcecode.c.c; name = MJ2ColorSpecificationAtom.c; path = ../../src/MJ2ColorSpecificationAtom.c; sourceTree = SOURCE_ROOT; };
		CBAD4E9007B2B3F8005AD21E /* MJ2BitsPerComponentAtom.c */ = {isa = PBXFileReference; fileEncoding = 30; lastKnownFileType = sourcecode.c.c; name = MJ2BitsPerComponentAtom.c; path = ../../src/MJ2BitsPerComponentAtom.c; sourceTree = SOURCE_ROOT; };
		CBAD4E9107B2B3F8005AD21E /* MJ2Atoms.h */ = {isa = PBXFileReference; fileEncoding = 30; lastKnownFileType = sourcecode.c.h; name = MJ2Atoms.h; path = ../../src/MJ2Atoms.h; sourceTree = SOURCE_ROOT; };
		CBAD4E9207B2B3F8005AD21E /* MemoryFileMappingObject.c */ = {isa = PBXFileReference; fileEncoding = 30; lastKnownFileType = sourcecode.c.c; name = MemoryFileMappingObject.c; path = ../../src/MemoryFileMappingObject.c; sourceTree = SOURCE_ROOT; };
		CBAD4E9307B2B3F8005AD21E /* MediaInformationAtom.c */ = {isa = PBXFileReference; fileEncoding = 30; lastKnownFileType = sourcecode.c.c; name = MediaInformationAtom.c; path = ../../src/MediaInformationAtom.c; sourceTree = SOURCE_ROOT; };
		CBAD4E9407B2B3F8005AD21E /* VisualSampleEntryAtom.c */ = {isa = PBXFileReference; fileEncoding = 30; lastKnownFileType = sourcecode.c.c; name = VisualSampleEntryAtom.c; path = ../../src/VisualSampleEntryAtom.c; sourceTree = SOURCE_ROOT; };
		CBAD4E9507B2B3F8005AD21E /* ObjectDescriptorAtom.c */ = {isa = PBXFileReference; fileEncoding = 30; lastKnownFileType = sourcecode.c.c; name = ObjectDescriptorAtom.c; path = ../../src/ObjectDescriptorAtom.c; sourceTree = SOURCE_ROOT; };
		CBAD4E9607B2B3F8005AD21E /* MPEGSampleEntryAtom.c */ = {isa = PBXFileReference; fileEncoding = 30; lastKnownFileType = sourcecode.c.c; name = MPEGSampleEntryAtom.c; path = ../../src/MPEGSampleEntryAtom.c; sourceTree = SOURCE_ROOT; };
		CBAD4E9707B2B3F8005AD21E /* MPEGMediaHeaderAtom.c */ = {isa = PBXFileReference; fileEncoding = 30; lastKnownFileType = sourcecode.c.c; name = MPEGMediaHeaderAtom.c; path = ../../src/MPEGMediaHeaderAtom.c; sourceTree = SOURCE_ROOT; };
		CBAD4E9807B2B3F8005AD21E /* MP4UserData.c */ = {isa = PBXFileReference; fileEncoding = 30; lastKnownFileType = sourcecode.c.c; name = MP4UserData.c; path = ../../src/MP4UserData.c; sourceTree = SOURCE_ROOT; };
		CBAD4E9907B2B3F8005AD21E /* AudioSampleEntryAtom.c */ = {isa = PBXFileReference; fileEncoding = 30; lastKnownFileType = sourcecode.c.c; name = AudioSampleEntryAtom.c; path = ../../src/AudioSampleEntryAtom.c; sourceTree = SOURCE_ROOT; };
		CBAD4E9A07B2B3F8005AD21E /* MP4TrackReader.h */ = {isa = PBXFileReference; fileEncoding = 30; lastKnownFileType = sourcecode.c.h; name = MP4TrackReader.h; path = ../../src/MP4TrackReader.h; sourceTree = SOURCE_ROOT; };
		CBAD4E9B07B2B3F8005AD21E /* MP4TrackReader.c */ = {isa = PBXFileReference; fileEncoding = 30; lastKnownFileType = sourcecode.c.c; name = MP4TrackReader.c; path = ../../src/MP4TrackReader.c; sourceTree = SOURCE_ROOT; };
		CBAD4E9C07B2B3F8005AD21E /* MP4SLPacket.c */ = {isa = PBXFileReference; fileEncoding = 30; lastKnownFileType = sourcecode.c.c; name = MP4SLPacket.c; path = ../../src/MP4SLPacket.c; sourceTree = SOURCE_ROOT; };
		CBAD4E9D07B2B3F8005AD21E /* MP4OrdinaryTrackReader.c */ = {isa = PBXFileReference; fileEncoding = 30; lastKnownFileType = sourcecode.c.c; name = MP4OrdinaryTrackReader.c; path = ../../src/MP4OrdinaryTrackReader.c; sourceTree = SOURCE_ROOT; };
		CBAD4E9E07B2B3F8005AD21E /* MP4ODTrackReader.c */ = {isa = PBXFileReference; fileEncoding = 30; lastKnownFileType = sourcecode.c.c; name = MP4ODTrackReader.c; path = ../../src/MP4ODTrackReader.c; sourceTree = SOURCE_ROOT; };
		CBAD4E9F07B2B3F8005AD21E /* MP4ObjectDescriptor.c */ = {isa = PBXFileReference; fileEncoding = 30; lastKnownFileType = sourcecode.c.c; name = MP4ObjectDescriptor.c; path = ../../src/MP4ObjectDescriptor.c; sourceTree = SOURCE_ROOT; };
		CBAD4EA007B2B3F8005AD21E /* MP4Movies.h */ = {isa = PBXFileReference; fileEncoding = 30; lastKnownFileType = sourcecode.c.h; name = MP4Movies.h; path = ../../src/MP4Movies.h; sourceTree = SOURCE_ROOT; };
		CBAD4EA107B2B3F8005AD21E /* MP4Movies.c */ = {isa = PBXFileReference; fileEncoding = 30; lastKnownFileType = sourcecode.c.c; name = MP4Movies.c; path = ../../src/MP4Movies.c; sourceTree = SOURCE_ROOT; };
		CBD9474E0C7B68D400869E72 /* SampleDependencyAtom.c */ = {isa = PBXFileReference; fileEncoding = 4; lastKnownFileType = sourcecode.c.c; name = SampleDependencyAtom.c; path = ../../src/SampleDependencyAtom.c; sourceTree = SOURCE_ROOT; };
		CBDD34190ACB3BF200C7EBB7 /* ItemInfoEntryAtom.c */ = {isa = PBXFileReference; fileEncoding = 4; lastKnownFileType = sourcecode.c.c; name = ItemInfoEntryAtom.c; path = ../../src/ItemInfoEntryAtom.c; sourceTree = SOURCE_ROOT; };
		CBDD34280ACB402500C7EBB7 /* ItemInfoAtom.c */ = {isa = PBXFileReference; fileEncoding = 4; lastKnownFileType = sourcecode.c.c; name = ItemInfoAtom.c; path = ../../src/ItemInfoAtom.c; sourceTree = SOURCE_ROOT; };
		CBDD34AF0ACC396E00C7EBB7 /* ISOMeta.c */ = {isa = PBXFileReference; fileEncoding = 4; lastKnownFileType = sourcecode.c.c; name = ISOMeta.c; path = ../../src/ISOMeta.c; sourceTree = SOURCE_ROOT; };
		CBF7AFDC0AEDE9CA0027965D /* XMLMetaSampleEntry.c */ = {isa = PBXFileReference; fileEncoding = 4; lastKnownFileType = sourcecode.c.c; name = XMLMetaSampleEntry.c; path = ../../src/XMLMetaSampleEntry.c; sourceTree = SOURCE_ROOT; };
		CBF7AFFE0AEDEF970027965D /* TextMetaSampleEntry.c */ = {isa = PBXFileReference; fileEncoding = 4; lastKnownFileType = sourcecode.c.c; name = TextMetaSampleEntry.c; path = ../../src/TextMetaSampleEntry.c; sourceTree = SOURCE_ROOT; };
		D2AAC046055464E500DB518D /* liblibisomediafile.a */ = {isa = PBXFileReference; explicitFileType = archive.ar; includeInIndex = 0; path = liblibisomediafile.a; sourceTree = BUILT_PRODUCTS_DIR; };
/* End PBXFileReference section */

/* Begin PBXFrameworksBuildPhase section */
		D289987405E68DCB004EDB86 /* Frameworks */ = {
			isa = PBXFrameworksBuildPhase;
			buildActionMask = 2147483647;
			files = (
			);
			runOnlyForDeploymentPostprocessing = 0;
		};
/* End PBXFrameworksBuildPhase section */

/* Begin PBXGroup section */
		08FB7794FE84155DC02AAC07 /* libisomediafile */ = {
			isa = PBXGroup;
			children = (
				08FB7795FE84155DC02AAC07 /* Source */,
				C6A0FF2B0290797F04C91782 /* Documentation */,
				1AB674ADFE9D54B511CA2CBB /* Products */,
			);
			name = libisomediafile;
			sourceTree = "<group>";
		};
		08FB7795FE84155DC02AAC07 /* Source */ = {
			isa = PBXGroup;
			children = (
				3AE6A1A320522FA300032735 /* StereoVideoGroupAtom.c */,
				C6D4549E1DB513B3001B936A /* ItemPropertiesAtom.c */,
				C6D4549F1DB513B3001B936A /* ItemPropertyAssociationAtom.c */,
				C6D454A01DB513B3001B936A /* ItemPropertyContainerAtom.c */,
				CB43BA980AFF4AB800B31580 /* AMRSpecificInfoAtom.c */,
				CB43BA970AFF4AB800B31580 /* AMRWPSpecificInfoAtom.c */,
				CBAD4E9907B2B3F8005AD21E /* AudioSampleEntryAtom.c */,
				188041DA19CB90A800FAABCE /* ChannelLayoutAtom.c */,
				188041DC19CBA54300FAABCE /* DownMixInstructionsAtom.c */,
				188041E019CCA28A00FAABCE /* LoudnessAtom.c */,
				188041DE19CC937200FAABCE /* LoudnessBaseAtom.c */,
				CBAD4E6A07B2B3F8005AD21E /* BaseDescriptor.c */,
				CB43BA960AFF4AB800B31580 /* BitRateAtom.c */,
				CBAD4E7107B2B3F8005AD21E /* ChunkOffsetAtom.c */,
				CBAD4E7007B2B3F8005AD21E /* ClockReferenceMediaHeader.c */,
				CBAD4E2F07B2B3F8005AD21E /* CopyrightAtom.c */,
				CBAD4E2E07B2B3F8005AD21E /* DataEntryURLAtom.c */,
				CBAD4E2507B2B3F8005AD21E /* DataEntryURNAtom.c */,
				CBAD4E2407B2B3F8005AD21E /* DataInformationAtom.c */,
				CBAD4E2307B2B3F8005AD21E /* DataReferenceAtom.c */,
				CBAD4E6F07B2B3F8005AD21E /* DecodingOffsetAtom.c */,
				1863ABDD19F6F72A00715E48 /* CompositionToDecodeAtom.c */,
				CBAD4E6E07B2B3F8005AD21E /* DegradationPriorityAtom.c */,
				CBAD4E6D07B2B3F8005AD21E /* EditAtom.c */,
				CBAD4E6C07B2B3F8005AD21E /* EditListAtom.c */,
				CBAD4E6B07B2B3F8005AD21E /* EncAudioSampleEntryAtom.c */,
				CBAD4E5207B2B3F8005AD21E /* EncVisualSampleEntryAtom.c */,
				CBAD4E5107B2B3F8005AD21E /* ESDAtom.c */,
				CBAD4E5007B2B3F8005AD21E /* ESUpdateCommand.c */,
				188041D819CB724F00FAABCE /* ExtendedLanguageTag.c */,
				CBAD4E4F07B2B3F8005AD21E /* FileMappingDataHandler.c */,
				CBAD4E4E07B2B3F8005AD21E /* FileMappingDataHandler.h */,
				CBAD4E3507B2B3F8005AD21E /* FileMappingObject.h */,
				CBAD4E3407B2B3F8005AD21E /* FreeSpaceAtom.c */,
				CBAD4E3307B2B3F8005AD21E /* GenericSampleEntryAtom.c */,
				CB43BA990AFF4AB800B31580 /* H263SpecificInfoAtom.c */,
				CBAD4E3A07B2B3F8005AD21E /* HandlerAtom.c */,
				B4A11E5B1B1FB11B002C5FD1 /* HEVCConfigAtom.c */,
				CBAD4E3907B2B3F8005AD21E /* HintMediaHeaderAtom.c */,
				CBAD4E3807B2B3F8005AD21E /* IPMPToolUpdateCommand.c */,
				CBAD4E3207B2B3F8005AD21E /* ISMAKMSAtom.c */,
				CB5F5DD20AB81A910031B0E0 /* ISMASaltAtom.c */,
				CBAD4E3107B2B3F8005AD21E /* ISMASampleFormatAtom.c */,
				CBAD4E3007B2B3F8005AD21E /* ISMASecurity.c */,
				CBDD34AF0ACC396E00C7EBB7 /* ISOMeta.c */,
				CBAD4E4D07B2B3F8005AD21E /* ISOMovies.h */,
				CB9CF8280AD57A4200F8F722 /* ISOSampleDescriptions.c */,
				CBDD34280ACB402500C7EBB7 /* ItemInfoAtom.c */,
				CBDD34190ACB3BF200C7EBB7 /* ItemInfoEntryAtom.c */,
				CB9506680ACB262E00680B9C /* ItemLocationAtom.c */,
				CB9506A20ACB36F900680B9C /* ItemProtectionAtom.c */,
				CBAD4E4C07B2B3F8005AD21E /* MdatDataHandler.c */,
				CBAD4E4A07B2B3F8005AD21E /* MdatDataHandler.h */,
				CBAD4E4907B2B3F8005AD21E /* MediaAtom.c */,
				CBAD4E4807B2B3F8005AD21E /* MediaDataAtom.c */,
				CBAD4E4707B2B3F8005AD21E /* MediaHeaderAtom.c */,
				CBAD4E9307B2B3F8005AD21E /* MediaInformationAtom.c */,
				CBAD4E9207B2B3F8005AD21E /* MemoryFileMappingObject.c */,
				CB9506320ACB201200680B9C /* MetaAtom.c */,
				18CF72021A0D8D9F006648A8 /* AdditionalMetaDataContainerAtom.c */,
				18CF72041A0D911B006648A8 /* MetaboxRelationAtom.c */,
				18CF72061A0D9419006648A8 /* ItemReferenceAtom.c */,
				18CF720A1A12C7E2006648A8 /* ItemDataAtom.c */,
				18CF72081A0D966E006648A8 /* SingleItemTypeReferenceAtom.c */,
				CBAD4E9107B2B3F8005AD21E /* MJ2Atoms.h */,
				CBAD4E9007B2B3F8005AD21E /* MJ2BitsPerComponentAtom.c */,
				CBAD4E8F07B2B3F8005AD21E /* MJ2ColorSpecificationAtom.c */,
				CBAD4E8E07B2B3F8005AD21E /* MJ2FileTypeAtom.c */,
				CBAD4E8D07B2B3F8005AD21E /* MJ2HeaderAtom.c */,
				CBAD4E8C07B2B3F8005AD21E /* MJ2ImageHeaderAtom.c */,
				CBAD4E8B07B2B3F8005AD21E /* MJ2Movies.c */,
				CBAD4E8A07B2B3F8005AD21E /* MJ2SignatureAtom.c */,
				CBAD4E8907B2B3F8005AD21E /* MovieAtom.c */,
				CBAD4E8807B2B3F8005AD21E /* MovieExtendsAtom.c */,
				189725A919F82063001D1219 /* TrackExtensionPropertiesAtom.c */,
				3A25425220317010001A7B60 /* CompatibleSchemeTypeAtom.c */,
				3A25425320317010001A7B60 /* RestrictedSchemeInfoAtom.c */,
				3A25425420317010001A7B60 /* RestrictedVideoSampleEntry.c */,
				3A25425520317010001A7B60 /* SchemeTypeAtom.c */,
				3A25425620317010001A7B60 /* StereoVideoAtom.c */,
				3A25425720317010001A7B60 /* TrackTypeAtom.c */,
				CBAD4E8707B2B3F8005AD21E /* MovieFragmentAtom.c */,
				CBAD4E8607B2B3F8005AD21E /* MovieFragmentHeaderAtom.c */,
				CBAD4E8507B2B3F8005AD21E /* MovieHeaderAtom.c */,
				CBAD4E8407B2B3F8005AD21E /* MovieTracks.c */,
				CBAD4E8307B2B3F8005AD21E /* MovieTracks.h */,
				CBAD4E8207B2B3F8005AD21E /* MP4Atoms.c */,
				CBAD4E8107B2B3F8005AD21E /* MP4Atoms.h */,
				CBAD4E8007B2B3F8005AD21E /* MP4Commands.c */,
				CBAD4E7F07B2B3F8005AD21E /* MP4DataHandler.c */,
				CBAD4E7E07B2B3F8005AD21E /* MP4DataHandler.h */,
				CBAD4E7D07B2B3F8005AD21E /* MP4DecoderConfigDescriptor.c */,
				CBAD4E7C07B2B3F8005AD21E /* MP4DefaultCommand.c */,
				CBAD4E7B07B2B3F8005AD21E /* MP4DefaultDescriptor.c */,
				CBAD4E7A07B2B3F8005AD21E /* MP4Descriptors.c */,
				CBAD4E7907B2B3F8005AD21E /* MP4Descriptors.h */,
				CBAD4E7807B2B3F8005AD21E /* MP4ES_ID_IncDescriptor.c */,
				CBAD4E4B07B2B3F8005AD21E /* MP4ES_ID_RefDescriptor.c */,
				CBAD4E7707B2B3F8005AD21E /* MP4ESDescriptor.c */,
				CBAD4E7607B2B3F8005AD21E /* MP4FileMappingInputStream.c */,
				CBAD4E7507B2B3F8005AD21E /* MP4Handle.c */,
				CBAD4E3707B2B3F8005AD21E /* MP4Impl.h */,
				CBAD4E3607B2B3F8005AD21E /* MP4InitialObjectDescriptor.c */,
				CBAD4E6007B2B3F8005AD21E /* MP4InputStream.c */,
				CBAD4E5F07B2B3F8005AD21E /* MP4InputStream.h */,
				CBAD4E5E07B2B3F8005AD21E /* MP4IPMPDescriptorPointer.c */,
				CBAD4E5D07B2B3F8005AD21E /* MP4IPMPInitialize.c */,
				CBAD4E5C07B2B3F8005AD21E /* MP4IPMPTool.c */,
				CBAD4E5B07B2B3F8005AD21E /* MP4IPMPToolDescriptor.c */,
				CBAD4E5A07B2B3F8005AD21E /* MP4IPMPToolList.c */,
				CBAD4E5907B2B3F8005AD21E /* MP4IPMPX.c */,
				CBAD4E6507B2B3F8005AD21E /* MP4IPMPXData.c */,
				CBAD4E6407B2B3F8005AD21E /* MP4IPMPXData.h */,
				CBAD4E6307B2B3F8005AD21E /* MP4IPMPXDefaultData.c */,
				CBAD4E6207B2B3F8005AD21E /* MP4LinkedList.c */,
				CBAD4E6107B2B3F8005AD21E /* MP4LinkedList.h */,
				CBAD4E3F07B2B3F8005AD21E /* MP4Media.c */,
				CBAD4E3E07B2B3F8005AD21E /* MP4MemoryInputStream.c */,
				CBAD4E3D07B2B3F8005AD21E /* MP4MovieFile.c */,
				CBAD4EA107B2B3F8005AD21E /* MP4Movies.c */,
				CBAD4EA007B2B3F8005AD21E /* MP4Movies.h */,
				CBAD4E9F07B2B3F8005AD21E /* MP4ObjectDescriptor.c */,
				CBAD4E9E07B2B3F8005AD21E /* MP4ODTrackReader.c */,
				CBAD4E9D07B2B3F8005AD21E /* MP4OrdinaryTrackReader.c */,
				CBAD4E1E07B2B3E3005AD21E /* MP4OSMacros.h */,
				CBAD4E9C07B2B3F8005AD21E /* MP4SLPacket.c */,
				CBAD4E9B07B2B3F8005AD21E /* MP4TrackReader.c */,
				CBAD4E9A07B2B3F8005AD21E /* MP4TrackReader.h */,
				CBAD4E9807B2B3F8005AD21E /* MP4UserData.c */,
				CBAD4E9707B2B3F8005AD21E /* MPEGMediaHeaderAtom.c */,
				CBAD4E9607B2B3F8005AD21E /* MPEGSampleEntryAtom.c */,
				CBAD4E9507B2B3F8005AD21E /* ObjectDescriptorAtom.c */,
				CBAD4E7407B2B3F8005AD21E /* ObjectDescriptorMediaHeader.c */,
				CBAD4E7307B2B3F8005AD21E /* ODUpdateCommand.c */,
				CBAD4E7207B2B3F8005AD21E /* OriginalFormatAtom.c */,
				CBAD4E4607B2B3F8005AD21E /* PaddingBitsAtom.c */,
				84E0E79321C02951004CCF2B /* PCMConfigAtom.c */,
				CB95064F0ACB245000680B9C /* PrimaryItemAtom.c */,
				847E863423C41825005247BD /* ProducerReferenceTimeAtom.c */,
				CBAD4E4507B2B3F8005AD21E /* QTMovies.c */,
				CBD9474E0C7B68D400869E72 /* SampleDependencyAtom.c */,
				CBAD4E4407B2B3F8005AD21E /* SampleDescriptionAtom.c */,
				CB6D2FE80A49C6FF005F9118 /* SampleGroupDescriptionAtom.c */,
				CBAD4E4307B2B3F8005AD21E /* SampleSizeAtom.c */,
				CBAD4E4207B2B3F8005AD21E /* SampleTableAtom.c */,
				CBAD4E4107B2B3F8005AD21E /* SampleToChunkAtom.c */,
				CB6D2FA30A48D0D1005F9118 /* SampleToGroupAtom.c */,
				189725AB19F966C6001D1219 /* SampleAuxiliaryInformationSizesAtom.c */,
				189725AD19F96A76001D1219 /* SampleAuxiliaryInformationOffsetsAtom.c */,
				CBAD4E4007B2B3F8005AD21E /* SceneDescriptionMediaHeader.c */,
				CBAD4E5807B2B3F8005AD21E /* SchemeInfoAtom.c */,
				CBAD4E5707B2B3F8005AD21E /* SecurityInfoAtom.c */,
				CBAD4E5607B2B3F8005AD21E /* SecuritySchemeAtom.c */,
				847E863523C41825005247BD /* SegmentIndexAtom.c */,
				847E863623C41825005247BD /* SegmentTypeAtom.c */,
				CBAD4E6807B2B3F8005AD21E /* ShadowSyncAtom.c */,
				CBAD4E1D07B2B3E3005AD21E /* SimpleFileMappingObject.c */,
				CBAD4E1F07B2B3E3005AD21E /* SimpleFileMappingObject.h */,
				CBAD4E6707B2B3F8005AD21E /* SLConfigDescriptor.c */,
				CBAD4E6607B2B3F8005AD21E /* SoundMediaHeaderAtom.c */,
				B4A11E5D1B1FB160002C5FD1 /* SubSampleInformationAtom.c */,
				847E863323C41825005247BD /* SubsegmentIndexAtom.c */,
				CBAD4E3C07B2B3F8005AD21E /* SyncSampleAtom.c */,
				CBF7AFFE0AEDEF970027965D /* TextMetaSampleEntry.c */,
				CBAD4E3B07B2B3F8005AD21E /* TimeToSampleAtom.c */,
				CBAD4E5507B2B3F8005AD21E /* TrackAtom.c */,
				CBAD4E5407B2B3F8005AD21E /* TrackExtendsAtom.c */,
				CBAD4E5307B2B3F8005AD21E /* TrackFragmentAtom.c */,
				CBAD4E2D07B2B3F8005AD21E /* TrackFragmentHeaderAtom.c */,
				C6F5636119ABE6BB0010D96F /* TrackFragmentDecodeTimeAtom.c */,
				CBAD4E2C07B2B3F8005AD21E /* TrackFragmentRunAtom.c */,
				B4A11E5F1B1FB19A002C5FD1 /* TrackGroupAtom.c */,
				B4A11E611B1FB1CE002C5FD1 /* TrackGroupTypeAtom.c */,
				CBAD4E2B07B2B3F8005AD21E /* TrackHeaderAtom.c */,
				CBAD4E2A07B2B3F8005AD21E /* TrackReferenceAtom.c */,
				CBAD4E2907B2B3F8005AD21E /* TrackReferenceTypeAtom.c */,
				CBAD4E2807B2B3F8005AD21E /* UnknownAtom.c */,
				CBAD4E2707B2B3F8005AD21E /* UserDataAtom.c */,
				CB9CF8340AD57AEC00F8F722 /* VCConfigAtom.c */,
				CBAD4E2607B2B3F8005AD21E /* VideoMediaHeaderAtom.c */,
				CBAD4E9407B2B3F8005AD21E /* VisualSampleEntryAtom.c */,
				CBF7AFDC0AEDE9CA0027965D /* XMLMetaSampleEntry.c */,
			);
			name = Source;
			sourceTree = "<group>";
		};
		1AB674ADFE9D54B511CA2CBB /* Products */ = {
			isa = PBXGroup;
			children = (
				D2AAC046055464E500DB518D /* liblibisomediafile.a */,
			);
			name = Products;
			sourceTree = "<group>";
		};
		C6A0FF2B0290797F04C91782 /* Documentation */ = {
			isa = PBXGroup;
			children = (
			);
			name = Documentation;
			sourceTree = "<group>";
		};
/* End PBXGroup section */

/* Begin PBXHeadersBuildPhase section */
		D2AAC043055464E500DB518D /* Headers */ = {
			isa = PBXHeadersBuildPhase;
			buildActionMask = 2147483647;
			files = (
				CBAD4E2107B2B3E3005AD21E /* MP4OSMacros.h in Headers */,
				CBAD4E2207B2B3E3005AD21E /* SimpleFileMappingObject.h in Headers */,
				CBAD4EB407B2B3F8005AD21E /* FileMappingObject.h in Headers */,
				CBAD4EB607B2B3F8005AD21E /* MP4Impl.h in Headers */,
				CBAD4EC907B2B3F8005AD21E /* MdatDataHandler.h in Headers */,
				CBAD4ECC07B2B3F8005AD21E /* ISOMovies.h in Headers */,
				CBAD4ECD07B2B3F8005AD21E /* FileMappingDataHandler.h in Headers */,
				CBAD4EDE07B2B3F8005AD21E /* MP4InputStream.h in Headers */,
				CBAD4EE007B2B3F8005AD21E /* MP4LinkedList.h in Headers */,
				CBAD4EE307B2B3F8005AD21E /* MP4IPMPXData.h in Headers */,
				CBAD4EF807B2B3F8005AD21E /* MP4Descriptors.h in Headers */,
				CBAD4EFD07B2B3F8005AD21E /* MP4DataHandler.h in Headers */,
				CBAD4F0007B2B3F8005AD21E /* MP4Atoms.h in Headers */,
				CBAD4F0207B2B3F8005AD21E /* MovieTracks.h in Headers */,
				CBAD4F1007B2B3F8005AD21E /* MJ2Atoms.h in Headers */,
				CBAD4F1907B2B3F8005AD21E /* MP4TrackReader.h in Headers */,
				CBAD4F1F07B2B3F8005AD21E /* MP4Movies.h in Headers */,
			);
			runOnlyForDeploymentPostprocessing = 0;
		};
/* End PBXHeadersBuildPhase section */

/* Begin PBXNativeTarget section */
		D2AAC045055464E500DB518D /* libisomediafile */ = {
			isa = PBXNativeTarget;
			buildConfigurationList = CBF074040A1A8B2C003503F1 /* Build configuration list for PBXNativeTarget "libisomediafile" */;
			buildPhases = (
				D2AAC043055464E500DB518D /* Headers */,
				D2AAC044055464E500DB518D /* Sources */,
				D289987405E68DCB004EDB86 /* Frameworks */,
			);
			buildRules = (
			);
			dependencies = (
			);
			name = libisomediafile;
			productName = libisomediafile;
			productReference = D2AAC046055464E500DB518D /* liblibisomediafile.a */;
			productType = "com.apple.product-type.library.static";
		};
/* End PBXNativeTarget section */

/* Begin PBXProject section */
		08FB7793FE84155DC02AAC07 /* Project object */ = {
			isa = PBXProject;
			attributes = {
			};
			buildConfigurationList = CBF074080A1A8B2C003503F1 /* Build configuration list for PBXProject "libisomediafile" */;
			compatibilityVersion = "Xcode 2.4";
			developmentRegion = English;
			hasScannedForEncodings = 1;
			knownRegions = (
				English,
				en,
			);
			mainGroup = 08FB7794FE84155DC02AAC07 /* libisomediafile */;
			projectDirPath = "";
			projectRoot = "";
			targets = (
				D2AAC045055464E500DB518D /* libisomediafile */,
			);
		};
/* End PBXProject section */

/* Begin PBXSourcesBuildPhase section */
		D2AAC044055464E500DB518D /* Sources */ = {
			isa = PBXSourcesBuildPhase;
			buildActionMask = 2147483647;
			files = (
				CBAD4E2007B2B3E3005AD21E /* SimpleFileMappingObject.c in Sources */,
				189725AA19F82063001D1219 /* TrackExtensionPropertiesAtom.c in Sources */,
				CBAD4EA207B2B3F8005AD21E /* DataReferenceAtom.c in Sources */,
				CBAD4EA307B2B3F8005AD21E /* DataInformationAtom.c in Sources */,
				CBAD4EA407B2B3F8005AD21E /* DataEntryURNAtom.c in Sources */,
				3A25425A20317010001A7B60 /* RestrictedVideoSampleEntry.c in Sources */,
				CBAD4EA507B2B3F8005AD21E /* VideoMediaHeaderAtom.c in Sources */,
				CBAD4EA607B2B3F8005AD21E /* UserDataAtom.c in Sources */,
				CBAD4EA707B2B3F8005AD21E /* UnknownAtom.c in Sources */,
				C6D454A21DB513B3001B936A /* ItemPropertyAssociationAtom.c in Sources */,
				18CF72051A0D911B006648A8 /* MetaboxRelationAtom.c in Sources */,
				CBAD4EA807B2B3F8005AD21E /* TrackReferenceTypeAtom.c in Sources */,
				188041D919CB724F00FAABCE /* ExtendedLanguageTag.c in Sources */,
				CBAD4EA907B2B3F8005AD21E /* TrackReferenceAtom.c in Sources */,
				CBAD4EAA07B2B3F8005AD21E /* TrackHeaderAtom.c in Sources */,
				CBAD4EAB07B2B3F8005AD21E /* TrackFragmentRunAtom.c in Sources */,
				CBAD4EAC07B2B3F8005AD21E /* TrackFragmentHeaderAtom.c in Sources */,
				CBAD4EAD07B2B3F8005AD21E /* DataEntryURLAtom.c in Sources */,
				CBAD4EAE07B2B3F8005AD21E /* CopyrightAtom.c in Sources */,
				18CF72091A0D966E006648A8 /* SingleItemTypeReferenceAtom.c in Sources */,
				CBAD4EAF07B2B3F8005AD21E /* ISMASecurity.c in Sources */,
				CBAD4EB007B2B3F8005AD21E /* ISMASampleFormatAtom.c in Sources */,
				CBAD4EB107B2B3F8005AD21E /* ISMAKMSAtom.c in Sources */,
				CBAD4EB207B2B3F8005AD21E /* GenericSampleEntryAtom.c in Sources */,
				CBAD4EB307B2B3F8005AD21E /* FreeSpaceAtom.c in Sources */,
				CBAD4EB507B2B3F8005AD21E /* MP4InitialObjectDescriptor.c in Sources */,
				3A25425D20317010001A7B60 /* TrackTypeAtom.c in Sources */,
				188041DD19CBA54300FAABCE /* DownMixInstructionsAtom.c in Sources */,
				CBAD4EB707B2B3F8005AD21E /* IPMPToolUpdateCommand.c in Sources */,
				CBAD4EB807B2B3F8005AD21E /* HintMediaHeaderAtom.c in Sources */,
				CBAD4EB907B2B3F8005AD21E /* HandlerAtom.c in Sources */,
				CBAD4EBA07B2B3F8005AD21E /* TimeToSampleAtom.c in Sources */,
				CBAD4EBB07B2B3F8005AD21E /* SyncSampleAtom.c in Sources */,
				CBAD4EBC07B2B3F8005AD21E /* MP4MovieFile.c in Sources */,
				CBAD4EBD07B2B3F8005AD21E /* MP4MemoryInputStream.c in Sources */,
				CBAD4EBE07B2B3F8005AD21E /* MP4Media.c in Sources */,
				188041E119CCA28A00FAABCE /* LoudnessAtom.c in Sources */,
				3A25425820317010001A7B60 /* CompatibleSchemeTypeAtom.c in Sources */,
				CBAD4EBF07B2B3F8005AD21E /* SceneDescriptionMediaHeader.c in Sources */,
				CBAD4EC007B2B3F8005AD21E /* SampleToChunkAtom.c in Sources */,
				CBAD4EC107B2B3F8005AD21E /* SampleTableAtom.c in Sources */,
				CBAD4EC207B2B3F8005AD21E /* SampleSizeAtom.c in Sources */,
				CBAD4EC307B2B3F8005AD21E /* SampleDescriptionAtom.c in Sources */,
				CBAD4EC407B2B3F8005AD21E /* QTMovies.c in Sources */,
				CBAD4EC507B2B3F8005AD21E /* PaddingBitsAtom.c in Sources */,
				CBAD4EC607B2B3F8005AD21E /* MediaHeaderAtom.c in Sources */,
				3AE6A1A420522FA300032735 /* StereoVideoGroupAtom.c in Sources */,
				C6D454A11DB513B3001B936A /* ItemPropertiesAtom.c in Sources */,
				CBAD4EC707B2B3F8005AD21E /* MediaDataAtom.c in Sources */,
				CBAD4EC807B2B3F8005AD21E /* MediaAtom.c in Sources */,
				CBAD4ECA07B2B3F8005AD21E /* MP4ES_ID_RefDescriptor.c in Sources */,
				CBAD4ECB07B2B3F8005AD21E /* MdatDataHandler.c in Sources */,
				CBAD4ECE07B2B3F8005AD21E /* FileMappingDataHandler.c in Sources */,
				CBAD4ECF07B2B3F8005AD21E /* ESUpdateCommand.c in Sources */,
				188041DF19CC937200FAABCE /* LoudnessBaseAtom.c in Sources */,
				CBAD4ED007B2B3F8005AD21E /* ESDAtom.c in Sources */,
				CBAD4ED107B2B3F8005AD21E /* EncVisualSampleEntryAtom.c in Sources */,
				CBAD4ED207B2B3F8005AD21E /* TrackFragmentAtom.c in Sources */,
				3A25425920317010001A7B60 /* RestrictedSchemeInfoAtom.c in Sources */,
				CBAD4ED307B2B3F8005AD21E /* TrackExtendsAtom.c in Sources */,
				CBAD4ED407B2B3F8005AD21E /* TrackAtom.c in Sources */,
				CBAD4ED507B2B3F8005AD21E /* SecuritySchemeAtom.c in Sources */,
				CBAD4ED607B2B3F8005AD21E /* SecurityInfoAtom.c in Sources */,
				CBAD4ED707B2B3F8005AD21E /* SchemeInfoAtom.c in Sources */,
				CBAD4ED807B2B3F8005AD21E /* MP4IPMPX.c in Sources */,
				CBAD4ED907B2B3F8005AD21E /* MP4IPMPToolList.c in Sources */,
				CBAD4EDA07B2B3F8005AD21E /* MP4IPMPToolDescriptor.c in Sources */,
				CBAD4EDB07B2B3F8005AD21E /* MP4IPMPTool.c in Sources */,
				CBAD4EDC07B2B3F8005AD21E /* MP4IPMPInitialize.c in Sources */,
				CBAD4EDD07B2B3F8005AD21E /* MP4IPMPDescriptorPointer.c in Sources */,
				CBAD4EDF07B2B3F8005AD21E /* MP4InputStream.c in Sources */,
				CBAD4EE107B2B3F8005AD21E /* MP4LinkedList.c in Sources */,
				CBAD4EE207B2B3F8005AD21E /* MP4IPMPXDefaultData.c in Sources */,
				CBAD4EE407B2B3F8005AD21E /* MP4IPMPXData.c in Sources */,
				3A25425C20317010001A7B60 /* StereoVideoAtom.c in Sources */,
				CBAD4EE507B2B3F8005AD21E /* SoundMediaHeaderAtom.c in Sources */,
				847E863723C41825005247BD /* SubsegmentIndexAtom.c in Sources */,
				CBAD4EE607B2B3F8005AD21E /* SLConfigDescriptor.c in Sources */,
				CBAD4EE707B2B3F8005AD21E /* ShadowSyncAtom.c in Sources */,
				847E863A23C41825005247BD /* SegmentTypeAtom.c in Sources */,
				CBAD4EE907B2B3F8005AD21E /* BaseDescriptor.c in Sources */,
				CBAD4EEA07B2B3F8005AD21E /* EncAudioSampleEntryAtom.c in Sources */,
				CBAD4EEB07B2B3F8005AD21E /* EditListAtom.c in Sources */,
				CBAD4EEC07B2B3F8005AD21E /* EditAtom.c in Sources */,
				CBAD4EED07B2B3F8005AD21E /* DegradationPriorityAtom.c in Sources */,
				CBAD4EEE07B2B3F8005AD21E /* DecodingOffsetAtom.c in Sources */,
				84E0E79421C02951004CCF2B /* PCMConfigAtom.c in Sources */,
				CBAD4EEF07B2B3F8005AD21E /* ClockReferenceMediaHeader.c in Sources */,
				CBAD4EF007B2B3F8005AD21E /* ChunkOffsetAtom.c in Sources */,
				CBAD4EF107B2B3F8005AD21E /* OriginalFormatAtom.c in Sources */,
				CBAD4EF207B2B3F8005AD21E /* ODUpdateCommand.c in Sources */,
				CBAD4EF307B2B3F8005AD21E /* ObjectDescriptorMediaHeader.c in Sources */,
				CBAD4EF407B2B3F8005AD21E /* MP4Handle.c in Sources */,
				CBAD4EF507B2B3F8005AD21E /* MP4FileMappingInputStream.c in Sources */,
				18CF720B1A12C7E2006648A8 /* ItemDataAtom.c in Sources */,
				CBAD4EF607B2B3F8005AD21E /* MP4ESDescriptor.c in Sources */,
				CBAD4EF707B2B3F8005AD21E /* MP4ES_ID_IncDescriptor.c in Sources */,
				CBAD4EF907B2B3F8005AD21E /* MP4Descriptors.c in Sources */,
				CBAD4EFA07B2B3F8005AD21E /* MP4DefaultDescriptor.c in Sources */,
				CBAD4EFB07B2B3F8005AD21E /* MP4DefaultCommand.c in Sources */,
				CBAD4EFC07B2B3F8005AD21E /* MP4DecoderConfigDescriptor.c in Sources */,
				CBAD4EFE07B2B3F8005AD21E /* MP4DataHandler.c in Sources */,
				CBAD4EFF07B2B3F8005AD21E /* MP4Commands.c in Sources */,
				847E863823C41825005247BD /* ProducerReferenceTimeAtom.c in Sources */,
				CBAD4F0107B2B3F8005AD21E /* MP4Atoms.c in Sources */,
				CBAD4F0307B2B3F8005AD21E /* MovieTracks.c in Sources */,
				CBAD4F0407B2B3F8005AD21E /* MovieHeaderAtom.c in Sources */,
				CBAD4F0507B2B3F8005AD21E /* MovieFragmentHeaderAtom.c in Sources */,
				847E863923C41825005247BD /* SegmentIndexAtom.c in Sources */,
				CBAD4F0607B2B3F8005AD21E /* MovieFragmentAtom.c in Sources */,
				188041DB19CB90A800FAABCE /* ChannelLayoutAtom.c in Sources */,
				CBAD4F0707B2B3F8005AD21E /* MovieExtendsAtom.c in Sources */,
				CBAD4F0807B2B3F8005AD21E /* MovieAtom.c in Sources */,
				CBAD4F0907B2B3F8005AD21E /* MJ2SignatureAtom.c in Sources */,
				CBAD4F0A07B2B3F8005AD21E /* MJ2Movies.c in Sources */,
				B4A11E621B1FB1D1002C5FD1 /* TrackGroupTypeAtom.c in Sources */,
				CBAD4F0B07B2B3F8005AD21E /* MJ2ImageHeaderAtom.c in Sources */,
				CBAD4F0C07B2B3F8005AD21E /* MJ2HeaderAtom.c in Sources */,
				CBAD4F0D07B2B3F8005AD21E /* MJ2FileTypeAtom.c in Sources */,
				189725AE19F96A76001D1219 /* SampleAuxiliaryInformationOffsetsAtom.c in Sources */,
				CBAD4F0E07B2B3F8005AD21E /* MJ2ColorSpecificationAtom.c in Sources */,
				CBAD4F0F07B2B3F8005AD21E /* MJ2BitsPerComponentAtom.c in Sources */,
				CBAD4F1107B2B3F8005AD21E /* MemoryFileMappingObject.c in Sources */,
				CBAD4F1207B2B3F8005AD21E /* MediaInformationAtom.c in Sources */,
				CBAD4F1307B2B3F8005AD21E /* VisualSampleEntryAtom.c in Sources */,
				CBAD4F1407B2B3F8005AD21E /* ObjectDescriptorAtom.c in Sources */,
				CBAD4F1507B2B3F8005AD21E /* MPEGSampleEntryAtom.c in Sources */,
				C6D454A31DB513B3001B936A /* ItemPropertyContainerAtom.c in Sources */,
				B4A11E601B1FB19D002C5FD1 /* TrackGroupAtom.c in Sources */,
				CBAD4F1607B2B3F8005AD21E /* MPEGMediaHeaderAtom.c in Sources */,
				CBAD4F1707B2B3F8005AD21E /* MP4UserData.c in Sources */,
				CBAD4F1807B2B3F8005AD21E /* AudioSampleEntryAtom.c in Sources */,
				CBAD4F1A07B2B3F8005AD21E /* MP4TrackReader.c in Sources */,
				18CF72071A0D9419006648A8 /* ItemReferenceAtom.c in Sources */,
				B4A11E5E1B1FB163002C5FD1 /* SubSampleInformationAtom.c in Sources */,
				CBAD4F1B07B2B3F8005AD21E /* MP4SLPacket.c in Sources */,
				CBAD4F1C07B2B3F8005AD21E /* MP4OrdinaryTrackReader.c in Sources */,
				18CF72031A0D8D9F006648A8 /* AdditionalMetaDataContainerAtom.c in Sources */,
				CBAD4F1D07B2B3F8005AD21E /* MP4ODTrackReader.c in Sources */,
				CBAD4F1E07B2B3F8005AD21E /* MP4ObjectDescriptor.c in Sources */,
				CBAD4F2007B2B3F8005AD21E /* MP4Movies.c in Sources */,
				CB6D2FA50A48D0D1005F9118 /* SampleToGroupAtom.c in Sources */,
				CB6D2FE90A49C6FF005F9118 /* SampleGroupDescriptionAtom.c in Sources */,
				CB5F5DD30AB81A910031B0E0 /* ISMASaltAtom.c in Sources */,
				CB9506330ACB201200680B9C /* MetaAtom.c in Sources */,
				CB9506500ACB245000680B9C /* PrimaryItemAtom.c in Sources */,
				CB9506690ACB262E00680B9C /* ItemLocationAtom.c in Sources */,
				CB9506A30ACB36F900680B9C /* ItemProtectionAtom.c in Sources */,
				CBDD341A0ACB3BF300C7EBB7 /* ItemInfoEntryAtom.c in Sources */,
				CBDD34290ACB402500C7EBB7 /* ItemInfoAtom.c in Sources */,
				1863ABDE19F6F72A00715E48 /* CompositionToDecodeAtom.c in Sources */,
				CBDD34B00ACC396E00C7EBB7 /* ISOMeta.c in Sources */,
				CB9CF8290AD57A4200F8F722 /* ISOSampleDescriptions.c in Sources */,
				C6F5636219ABE6BB0010D96F /* TrackFragmentDecodeTimeAtom.c in Sources */,
				CB9CF8350AD57AEC00F8F722 /* VCConfigAtom.c in Sources */,
				3A25425B20317010001A7B60 /* SchemeTypeAtom.c in Sources */,
				B4A11E5C1B1FB11E002C5FD1 /* HEVCConfigAtom.c in Sources */,
				CBF7AFDD0AEDE9CA0027965D /* XMLMetaSampleEntry.c in Sources */,
				189725AC19F966C6001D1219 /* SampleAuxiliaryInformationSizesAtom.c in Sources */,
				CBF7AFFF0AEDEF970027965D /* TextMetaSampleEntry.c in Sources */,
				CB43BA9A0AFF4AB800B31580 /* BitRateAtom.c in Sources */,
				CB43BA9B0AFF4AB800B31580 /* AMRWPSpecificInfoAtom.c in Sources */,
				CB43BA9C0AFF4AB800B31580 /* AMRSpecificInfoAtom.c in Sources */,
				CB43BA9D0AFF4AB800B31580 /* H263SpecificInfoAtom.c in Sources */,
				CBD9474F0C7B68D400869E72 /* SampleDependencyAtom.c in Sources */,
			);
			runOnlyForDeploymentPostprocessing = 0;
		};
/* End PBXSourcesBuildPhase section */

/* Begin XCBuildConfiguration section */
		CBF074050A1A8B2C003503F1 /* Debug */ = {
			isa = XCBuildConfiguration;
			buildSettings = {
				COPY_PHASE_STRIP = NO;
				GCC_DYNAMIC_NO_PIC = NO;
				GCC_ENABLE_FIX_AND_CONTINUE = YES;
				GCC_GENERATE_DEBUGGING_SYMBOLS = YES;
				GCC_OPTIMIZATION_LEVEL = 0;
				INSTALL_PATH = /usr/local/lib;
				LIBRARY_STYLE = STATIC;
				OTHER_LDFLAGS = "";
				PRODUCT_NAME = libisomediafile;
				ZERO_LINK = YES;
			};
			name = Debug;
		};
		CBF074060A1A8B2C003503F1 /* Release */ = {
			isa = XCBuildConfiguration;
			buildSettings = {
				ARCHS = (
					ppc,
					i386,
				);
				COPY_PHASE_STRIP = YES;
				GCC_ENABLE_FIX_AND_CONTINUE = NO;
				GCC_GENERATE_DEBUGGING_SYMBOLS = NO;
				INSTALL_PATH = /usr/local/lib;
				LIBRARY_STYLE = STATIC;
				OTHER_LDFLAGS = "";
				PRODUCT_NAME = libisomediafile;
				ZERO_LINK = NO;
			};
			name = Release;
		};
		CBF074090A1A8B2C003503F1 /* Debug */ = {
			isa = XCBuildConfiguration;
			buildSettings = {
				USER_HEADER_SEARCH_PATHS = "$(USER_HEADER_SEARCH_PATHS) $(SRCROOT)/..";
			};
			name = Debug;
		};
		CBF0740A0A1A8B2C003503F1 /* Release */ = {
			isa = XCBuildConfiguration;
			buildSettings = {
				ARCHS = (
					ppc,
					i386,
				);
				USER_HEADER_SEARCH_PATHS = "$(USER_HEADER_SEARCH_PATHS) $(SRCROOT)/..";
			};
			name = Release;
		};
/* End XCBuildConfiguration section */

/* Begin XCConfigurationList section */
		CBF074040A1A8B2C003503F1 /* Build configuration list for PBXNativeTarget "libisomediafile" */ = {
			isa = XCConfigurationList;
			buildConfigurations = (
				CBF074050A1A8B2C003503F1 /* Debug */,
				CBF074060A1A8B2C003503F1 /* Release */,
			);
			defaultConfigurationIsVisible = 0;
			defaultConfigurationName = Debug;
		};
		CBF074080A1A8B2C003503F1 /* Build configuration list for PBXProject "libisomediafile" */ = {
			isa = XCConfigurationList;
			buildConfigurations = (
				CBF074090A1A8B2C003503F1 /* Debug */,
				CBF0740A0A1A8B2C003503F1 /* Release */,
			);
			defaultConfigurationIsVisible = 0;
			defaultConfigurationName = Debug;
		};
/* End XCConfigurationList section */
	};
	rootObject = 08FB7793FE84155DC02AAC07 /* Project object */;
}
