// !$*UTF8*$!
{
	archiveVersion = 1;
	classes = {
	};
	objectVersion = 46;
	objects = {

/* Begin PBXBuildFile section */
		1805C3A81A3F55EB00C55F5F /* libisoiff.a in Frameworks */ = {isa = PBXBuildFile; fileRef = 18C784841A1AB26400756142 /* libisoiff.a */; };
		181E0AAE1A30D4F100D0568A /* hevc_tool.cpp in Sources */ = {isa = PBXBuildFile; fileRef = 181E0AAC1A30D4F100D0568A /* hevc_tool.cpp */; };
		188041C319CB3CD800FAABCE /* isoiff_tool_main.cpp in Sources */ = {isa = PBXBuildFile; fileRef = 188041B719CB3C8000FAABCE /* isoiff_tool_main.cpp */; };
		C6D454A81DB518B6001B936A /* libTLibCommon.a in Frameworks */ = {isa = PBXBuildFile; fileRef = C6D454A61DB518B6001B936A /* libTLibCommon.a */; };
		C6D454A91DB518B6001B936A /* libTLibDecoder.a in Frameworks */ = {isa = PBXBuildFile; fileRef = C6D454A71DB518B6001B936A /* libTLibDecoder.a */; };
		C6EFD4A71E27E40B005ADE34 /* jpeg_tool.cpp in Sources */ = {isa = PBXBuildFile; fileRef = C6EFD4A51E27E40B005ADE34 /* jpeg_tool.cpp */; };
		C6EFD4AA1E27E41F005ADE34 /* avc_tool.cpp in Sources */ = {isa = PBXBuildFile; fileRef = C6EFD4A81E27E41F005ADE34 /* avc_tool.cpp */; };
/* End PBXBuildFile section */

/* Begin PBXContainerItemProxy section */
		18C784831A1AB26400756142 /* PBXContainerItemProxy */ = {
			isa = PBXContainerItemProxy;
			containerPortal = 18C7847F1A1AB26300756142 /* isoiff.xcodeproj */;
			proxyType = 2;
			remoteGlobalIDString = 18C784781A1AB26300756142;
			remoteInfo = isoiff;
		};
		18C784911A1AB89A00756142 /* PBXContainerItemProxy */ = {
			isa = PBXContainerItemProxy;
			containerPortal = 18C7847F1A1AB26300756142 /* isoiff.xcodeproj */;
			proxyType = 1;
			remoteGlobalIDString = 18C784771A1AB26300756142;
			remoteInfo = isoiff;
		};
/* End PBXContainerItemProxy section */

/* Begin PBXCopyFilesBuildPhase section */
		188041D119CB3CD800FAABCE /* CopyFiles */ = {
			isa = PBXCopyFilesBuildPhase;
			buildActionMask = 2147483647;
			dstPath = /usr/share/man/man1/;
			dstSubfolderSpec = 0;
			files = (
			);
			runOnlyForDeploymentPostprocessing = 1;
		};
/* End PBXCopyFilesBuildPhase section */

/* Begin PBXFileReference section */
		181E0AAC1A30D4F100D0568A /* hevc_tool.cpp */ = {isa = PBXFileReference; fileEncoding = 4; lastKnownFileType = sourcecode.cpp.cpp; name = hevc_tool.cpp; path = ../../src/hevc_tool.cpp; sourceTree = "<group>"; };
		181E0AAD1A30D4F100D0568A /* hevc_tool.h */ = {isa = PBXFileReference; fileEncoding = 4; lastKnownFileType = sourcecode.c.h; name = hevc_tool.h; path = ../../src/hevc_tool.h; sourceTree = "<group>"; };
		188041B719CB3C8000FAABCE /* isoiff_tool_main.cpp */ = {isa = PBXFileReference; fileEncoding = 4; lastKnownFileType = sourcecode.cpp.cpp; name = isoiff_tool_main.cpp; path = ../../src/isoiff_tool_main.cpp; sourceTree = "<group>"; };
		188041D519CB3CD800FAABCE /* isoiff_tool */ = {isa = PBXFileReference; explicitFileType = "compiled.mach-o.executable"; includeInIndex = 0; path = isoiff_tool; sourceTree = BUILT_PRODUCTS_DIR; };
		18913AD119DF67CB00BFEAC8 /* Options.h */ = {isa = PBXFileReference; fileEncoding = 4; lastKnownFileType = sourcecode.c.h; name = Options.h; path = ../../src/Options.h; sourceTree = "<group>"; };
		18C7847F1A1AB26300756142 /* isoiff.xcodeproj */ = {isa = PBXFileReference; lastKnownFileType = "wrapper.pb-project"; name = isoiff.xcodeproj; path = isoiff/isoiff.xcodeproj; sourceTree = "<group>"; };
		18EC2CB81A366E1800B5ADD5 /* StringUtils.h */ = {isa = PBXFileReference; fileEncoding = 4; lastKnownFileType = sourcecode.c.h; name = StringUtils.h; path = ../../src/StringUtils.h; sourceTree = "<group>"; };
		C6D454A61DB518B6001B936A /* libTLibCommon.a */ = {isa = PBXFileReference; lastKnownFileType = archive.ar; name = libTLibCommon.a; path = "../../../../../../../../../Library/Developer/Xcode/DerivedData/HM-eytzcyzvvcfzfjgipnkhjragvlue/Build/Products/Debug/libTLibCommon.a"; sourceTree = "<group>"; };
		C6D454A71DB518B6001B936A /* libTLibDecoder.a */ = {isa = PBXFileReference; lastKnownFileType = archive.ar; name = libTLibDecoder.a; path = "../../../../../../../../../Library/Developer/Xcode/DerivedData/HM-eytzcyzvvcfzfjgipnkhjragvlue/Build/Products/Debug/libTLibDecoder.a"; sourceTree = "<group>"; };
		C6EFD4A51E27E40B005ADE34 /* jpeg_tool.cpp */ = {isa = PBXFileReference; fileEncoding = 4; lastKnownFileType = sourcecode.cpp.cpp; name = jpeg_tool.cpp; path = ../../src/jpeg_tool.cpp; sourceTree = "<group>"; };
		C6EFD4A61E27E40B005ADE34 /* jpeg_tool.h */ = {isa = PBXFileReference; fileEncoding = 4; lastKnownFileType = sourcecode.c.h; name = jpeg_tool.h; path = ../../src/jpeg_tool.h; sourceTree = "<group>"; };
		C6EFD4A81E27E41F005ADE34 /* avc_tool.cpp */ = {isa = PBXFileReference; fileEncoding = 4; lastKnownFileType = sourcecode.cpp.cpp; name = avc_tool.cpp; path = ../../src/avc_tool.cpp; sourceTree = "<group>"; };
		C6EFD4A91E27E41F005ADE34 /* avc_tool.h */ = {isa = PBXFileReference; fileEncoding = 4; lastKnownFileType = sourcecode.c.h; name = avc_tool.h; path = ../../src/avc_tool.h; sourceTree = "<group>"; };
/* End PBXFileReference section */

/* Begin PBXFrameworksBuildPhase section */
		188041CF19CB3CD800FAABCE /* Frameworks */ = {
			isa = PBXFrameworksBuildPhase;
			buildActionMask = 2147483647;
			files = (
				1805C3A81A3F55EB00C55F5F /* libisoiff.a in Frameworks */,
				C6D454A81DB518B6001B936A /* libTLibCommon.a in Frameworks */,
				C6D454A91DB518B6001B936A /* libTLibDecoder.a in Frameworks */,
			);
			runOnlyForDeploymentPostprocessing = 0;
		};
/* End PBXFrameworksBuildPhase section */

/* Begin PBXGroup section */
		08FB7794FE84155DC02AAC07 /* audioexample */ = {
			isa = PBXGroup;
			children = (
				C6D454A61DB518B6001B936A /* libTLibCommon.a */,
				C6D454A71DB518B6001B936A /* libTLibDecoder.a */,
				18C7847F1A1AB26300756142 /* isoiff.xcodeproj */,
				18B77B8B19EDBE450078892F /* Include */,
				08FB7795FE84155DC02AAC07 /* Source */,
				C6A0FF2B0290797F04C91782 /* Documentation */,
				1AB674ADFE9D54B511CA2CBB /* Products */,
			);
			name = audioexample;
			sourceTree = "<group>";
		};
		08FB7795FE84155DC02AAC07 /* Source */ = {
			isa = PBXGroup;
			children = (
				C6EFD4A41E27E3EC005ADE34 /* AVC */,
				C6EFD4A31E27E3E5005ADE34 /* JPEG */,
				181E0AAB1A30D4AD00D0568A /* HEVC */,
				18EAE16D19C750B500F0BC40 /* Utils */,
				188041B719CB3C8000FAABCE /* isoiff_tool_main.cpp */,
			);
			name = Source;
			sourceTree = "<group>";
		};
		181E0AAB1A30D4AD00D0568A /* HEVC */ = {
			isa = PBXGroup;
			children = (
				181E0AAC1A30D4F100D0568A /* hevc_tool.cpp */,
				181E0AAD1A30D4F100D0568A /* hevc_tool.h */,
			);
			name = HEVC;
			sourceTree = "<group>";
		};
		18B77B8B19EDBE450078892F /* Include */ = {
			isa = PBXGroup;
			children = (
			);
			name = Include;
			sourceTree = "<group>";
		};
		18C784801A1AB26300756142 /* Products */ = {
			isa = PBXGroup;
			children = (
				18C784841A1AB26400756142 /* libisoiff.a */,
			);
			name = Products;
			sourceTree = "<group>";
		};
		18EAE16D19C750B500F0BC40 /* Utils */ = {
			isa = PBXGroup;
			children = (
				18EC2CB81A366E1800B5ADD5 /* StringUtils.h */,
				18913AD119DF67CB00BFEAC8 /* Options.h */,
			);
			name = Utils;
			sourceTree = "<group>";
		};
		1AB674ADFE9D54B511CA2CBB /* Products */ = {
			isa = PBXGroup;
			children = (
				188041D519CB3CD800FAABCE /* isoiff_tool */,
			);
			name = Products;
			sourceTree = "<group>";
		};
		C6A0FF2B0290797F04C91782 /* Documentation */ = {
			isa = PBXGroup;
			children = (
			);
			name = Documentation;
			sourceTree = "<group>";
		};
		C6EFD4A31E27E3E5005ADE34 /* JPEG */ = {
			isa = PBXGroup;
			children = (
				C6EFD4A51E27E40B005ADE34 /* jpeg_tool.cpp */,
				C6EFD4A61E27E40B005ADE34 /* jpeg_tool.h */,
			);
			name = JPEG;
			sourceTree = "<group>";
		};
		C6EFD4A41E27E3EC005ADE34 /* AVC */ = {
			isa = PBXGroup;
			children = (
				C6EFD4A81E27E41F005ADE34 /* avc_tool.cpp */,
				C6EFD4A91E27E41F005ADE34 /* avc_tool.h */,
			);
			name = AVC;
			sourceTree = "<group>";
		};
/* End PBXGroup section */

/* Begin PBXNativeTarget section */
		188041B919CB3CD800FAABCE /* isoiff_tool */ = {
			isa = PBXNativeTarget;
			buildConfigurationList = 188041D219CB3CD800FAABCE /* Build configuration list for PBXNativeTarget "isoiff_tool" */;
			buildPhases = (
				188041BA19CB3CD800FAABCE /* Sources */,
				188041CF19CB3CD800FAABCE /* Frameworks */,
				188041D119CB3CD800FAABCE /* CopyFiles */,
			);
			buildRules = (
			);
			dependencies = (
				18C784921A1AB89A00756142 /* PBXTargetDependency */,
			);
			name = isoiff_tool;
			productName = VTT_to_MP4;
			productReference = 188041D519CB3CD800FAABCE /* isoiff_tool */;
			productType = "com.apple.product-type.tool";
		};
/* End PBXNativeTarget section */

/* Begin PBXProject section */
		08FB7793FE84155DC02AAC07 /* Project object */ = {
			isa = PBXProject;
			attributes = {
				LastUpgradeCheck = 0510;
			};
			buildConfigurationList = CB5BCAA90A2E30930047AF98 /* Build configuration list for PBXProject "isoiff_tool" */;
			compatibilityVersion = "Xcode 3.2";
			developmentRegion = English;
			hasScannedForEncodings = 1;
			knownRegions = (
				en,
			);
			mainGroup = 08FB7794FE84155DC02AAC07 /* audioexample */;
			projectDirPath = "";
			projectReferences = (
				{
					ProductGroup = 18C784801A1AB26300756142 /* Products */;
					ProjectRef = 18C7847F1A1AB26300756142 /* isoiff.xcodeproj */;
				},
			);
			projectRoot = "";
			targets = (
				188041B919CB3CD800FAABCE /* isoiff_tool */,
			);
		};
/* End PBXProject section */

/* Begin PBXReferenceProxy section */
		18C784841A1AB26400756142 /* libisoiff.a */ = {
			isa = PBXReferenceProxy;
			fileType = archive.ar;
			path = libisoiff.a;
			remoteRef = 18C784831A1AB26400756142 /* PBXContainerItemProxy */;
			sourceTree = BUILT_PRODUCTS_DIR;
		};
/* End PBXReferenceProxy section */

/* Begin PBXSourcesBuildPhase section */
		188041BA19CB3CD800FAABCE /* Sources */ = {
			isa = PBXSourcesBuildPhase;
			buildActionMask = 2147483647;
			files = (
				C6EFD4AA1E27E41F005ADE34 /* avc_tool.cpp in Sources */,
				188041C319CB3CD800FAABCE /* isoiff_tool_main.cpp in Sources */,
				C6EFD4A71E27E40B005ADE34 /* jpeg_tool.cpp in Sources */,
				181E0AAE1A30D4F100D0568A /* hevc_tool.cpp in Sources */,
			);
			runOnlyForDeploymentPostprocessing = 0;
		};
/* End PBXSourcesBuildPhase section */

/* Begin PBXTargetDependency section */
		18C784921A1AB89A00756142 /* PBXTargetDependency */ = {
			isa = PBXTargetDependency;
			name = isoiff;
			targetProxy = 18C784911A1AB89A00756142 /* PBXContainerItemProxy */;
		};
/* End PBXTargetDependency section */

/* Begin XCBuildConfiguration section */
		188041D319CB3CD800FAABCE /* Debug */ = {
			isa = XCBuildConfiguration;
			buildSettings = {
				ALWAYS_SEARCH_USER_PATHS = YES;
				CLANG_CXX_LANGUAGE_STANDARD = "c++0x";
				CLANG_CXX_LIBRARY = "libstdc++";
				CLANG_ENABLE_MODULES = YES;
				CLANG_ENABLE_OBJC_ARC = YES;
				CLANG_WARN_BOOL_CONVERSION = YES;
				CLANG_WARN_CONSTANT_CONVERSION = YES;
				CLANG_WARN_DIRECT_OBJC_ISA_USAGE = YES_ERROR;
				CLANG_WARN_DOCUMENTATION_COMMENTS = YES;
				CLANG_WARN_EMPTY_BODY = YES;
				CLANG_WARN_ENUM_CONVERSION = YES;
				CLANG_WARN_INT_CONVERSION = YES;
				CLANG_WARN_OBJC_ROOT_CLASS = YES_ERROR;
				CLANG_WARN__DUPLICATE_METHOD_MATCH = YES;
				COPY_PHASE_STRIP = NO;
				GCC_C_LANGUAGE_STANDARD = gnu99;
				GCC_DYNAMIC_NO_PIC = NO;
				GCC_ENABLE_OBJC_EXCEPTIONS = YES;
				GCC_OPTIMIZATION_LEVEL = 0;
				GCC_PREPROCESSOR_DEFINITIONS = (
					"DEBUG=1",
					"$(inherited)",
				);
				GCC_SYMBOLS_PRIVATE_EXTERN = NO;
				GCC_VERSION = "";
				GCC_WARN_64_TO_32_BIT_CONVERSION = YES;
				GCC_WARN_ABOUT_RETURN_TYPE = YES_ERROR;
				GCC_WARN_UNDECLARED_SELECTOR = YES;
				GCC_WARN_UNINITIALIZED_AUTOS = YES_AGGRESSIVE;
				GCC_WARN_UNUSED_FUNCTION = YES;
				GCC_WARN_UNUSED_VARIABLE = YES;
				HEADER_SEARCH_PATHS = (
					"${SRCROOT}/../../../libisomediafile/src",
					"${SRCROOT}/../../../libisomediafile/macosx",
					"/Users/armin/Dropbox/Apple/Project2016/HM/source/Lib/**",
				);
				LIBRARY_SEARCH_PATHS = (
					"/Users/armin/Library/Developer/Xcode/DerivedData/libisomediafile-apweerusngxhhlabouxwwwxxnvcu/Build/Products/Debug/",
					"/Users/armin/Library/Developer/Xcode/DerivedData/HM-eytzcyzvvcfzfjgipnkhjragvlue/Build/Products/Debug",
				);
				MACOSX_DEPLOYMENT_TARGET = 10.11;
				ONLY_ACTIVE_ARCH = YES;
				PRODUCT_NAME = isoiff_tool;
				SDKROOT = macosx;
			};
			name = Debug;
		};
		188041D419CB3CD800FAABCE /* Release */ = {
			isa = XCBuildConfiguration;
			buildSettings = {
				ALWAYS_SEARCH_USER_PATHS = YES;
				CLANG_CXX_LANGUAGE_STANDARD = "c++0x";
				CLANG_CXX_LIBRARY = "libstdc++";
				CLANG_ENABLE_MODULES = YES;
				CLANG_ENABLE_OBJC_ARC = YES;
				CLANG_WARN_BOOL_CONVERSION = YES;
				CLANG_WARN_CONSTANT_CONVERSION = YES;
				CLANG_WARN_DIRECT_OBJC_ISA_USAGE = YES_ERROR;
				CLANG_WARN_DOCUMENTATION_COMMENTS = YES;
				CLANG_WARN_EMPTY_BODY = YES;
				CLANG_WARN_ENUM_CONVERSION = YES;
				CLANG_WARN_INT_CONVERSION = YES;
				CLANG_WARN_OBJC_ROOT_CLASS = YES_ERROR;
				CLANG_WARN__DUPLICATE_METHOD_MATCH = YES;
				COPY_PHASE_STRIP = YES;
				DEBUG_INFORMATION_FORMAT = "dwarf-with-dsym";
				ENABLE_NS_ASSERTIONS = NO;
				GCC_C_LANGUAGE_STANDARD = gnu99;
				GCC_ENABLE_OBJC_EXCEPTIONS = YES;
				GCC_VERSION = "";
				GCC_WARN_64_TO_32_BIT_CONVERSION = YES;
				GCC_WARN_ABOUT_RETURN_TYPE = YES_ERROR;
				GCC_WARN_UNDECLARED_SELECTOR = YES;
				GCC_WARN_UNINITIALIZED_AUTOS = YES_AGGRESSIVE;
				GCC_WARN_UNUSED_FUNCTION = YES;
				GCC_WARN_UNUSED_VARIABLE = YES;
				HEADER_SEARCH_PATHS = (
					"${SRCROOT}/../../../libisomediafile/src",
					"${SRCROOT}/../../../libisomediafile/macosx",
					"/Users/armin/Dropbox/Apple/Project2016/HM/source/Lib/**",
				);
				LIBRARY_SEARCH_PATHS = (
					"/Users/armin/Library/Developer/Xcode/DerivedData/libisomediafile-apweerusngxhhlabouxwwwxxnvcu/Build/Products/Debug/",
					"/Users/armin/Library/Developer/Xcode/DerivedData/HM-eytzcyzvvcfzfjgipnkhjragvlue/Build/Products/Debug",
				);
				MACOSX_DEPLOYMENT_TARGET = 10.11;
				PRODUCT_NAME = isoiff_tool;
				SDKROOT = macosx;
			};
			name = Release;
		};
		CB5BCAAA0A2E30930047AF98 /* Debug */ = {
			isa = XCBuildConfiguration;
			buildSettings = {
				ARCHS = "$(ARCHS_STANDARD_32_64_BIT)";
				ONLY_ACTIVE_ARCH = YES;
			};
			name = Debug;
		};
		CB5BCAAB0A2E30930047AF98 /* Release */ = {
			isa = XCBuildConfiguration;
			buildSettings = {
				ARCHS = "$(ARCHS_STANDARD_32_64_BIT)";
			};
			name = Release;
		};
/* End XCBuildConfiguration section */

/* Begin XCConfigurationList section */
		188041D219CB3CD800FAABCE /* Build configuration list for PBXNativeTarget "isoiff_tool" */ = {
			isa = XCConfigurationList;
			buildConfigurations = (
				188041D319CB3CD800FAABCE /* Debug */,
				188041D419CB3CD800FAABCE /* Release */,
			);
			defaultConfigurationIsVisible = 0;
			defaultConfigurationName = Debug;
		};
		CB5BCAA90A2E30930047AF98 /* Build configuration list for PBXProject "isoiff_tool" */ = {
			isa = XCConfigurationList;
			buildConfigurations = (
				CB5BCAAA0A2E30930047AF98 /* Debug */,
				CB5BCAAB0A2E30930047AF98 /* Release */,
			);
			defaultConfigurationIsVisible = 0;
			defaultConfigurationName = Debug;
		};
/* End XCConfigurationList section */
	};
	rootObject = 08FB7793FE84155DC02AAC07 /* Project object */;
}
